// !$*UTF8*$!
{
	archiveVersion = 1;
	classes = {
	};
	objectVersion = 56;
	objects = {

/* Begin PBXBuildFile section */
		789816232B105999002AF275 /* BedtimeBullyData.framework in Frameworks */ = {isa = PBXBuildFile; fileRef = 7898161B2B105999002AF275 /* BedtimeBullyData.framework */; };
		7898162A2B105999002AF275 /* BedtimeBullyDataTests.swift in Sources */ = {isa = PBXBuildFile; fileRef = 789816292B105999002AF275 /* BedtimeBullyDataTests.swift */; };
		7898162B2B105999002AF275 /* BedtimeBullyData.h in Headers */ = {isa = PBXBuildFile; fileRef = 7898161D2B105999002AF275 /* BedtimeBullyData.h */; settings = {ATTRIBUTES = (Public, ); }; };
		7898162E2B105999002AF275 /* BedtimeBullyData.framework in Frameworks */ = {isa = PBXBuildFile; fileRef = 7898161B2B105999002AF275 /* BedtimeBullyData.framework */; };
		7898162F2B105999002AF275 /* BedtimeBullyData.framework in Embed Frameworks */ = {isa = PBXBuildFile; fileRef = 7898161B2B105999002AF275 /* BedtimeBullyData.framework */; settings = {ATTRIBUTES = (CodeSignOnCopy, RemoveHeadersOnCopy, ); }; };
		789816382B105A2D002AF275 /* AppGroup.swift in Sources */ = {isa = PBXBuildFile; fileRef = 789816372B105A2D002AF275 /* AppGroup.swift */; };
		789816392B105A2D002AF275 /* AppGroup.swift in Sources */ = {isa = PBXBuildFile; fileRef = 789816372B105A2D002AF275 /* AppGroup.swift */; };
		789816472B105A8D002AF275 /* Notifications.framework in Frameworks */ = {isa = PBXBuildFile; fileRef = 7898163F2B105A8D002AF275 /* Notifications.framework */; };
		7898164E2B105A8E002AF275 /* NotificationsTests.swift in Sources */ = {isa = PBXBuildFile; fileRef = 7898164D2B105A8E002AF275 /* NotificationsTests.swift */; };
		7898164F2B105A8E002AF275 /* Notifications.h in Headers */ = {isa = PBXBuildFile; fileRef = 789816412B105A8D002AF275 /* Notifications.h */; settings = {ATTRIBUTES = (Public, ); }; };
		789816522B105A8E002AF275 /* Notifications.framework in Frameworks */ = {isa = PBXBuildFile; fileRef = 7898163F2B105A8D002AF275 /* Notifications.framework */; };
		789816532B105A8E002AF275 /* Notifications.framework in Embed Frameworks */ = {isa = PBXBuildFile; fileRef = 7898163F2B105A8D002AF275 /* Notifications.framework */; settings = {ATTRIBUTES = (CodeSignOnCopy, RemoveHeadersOnCopy, ); }; };
		7898165A2B105A97002AF275 /* Notifications.swift in Sources */ = {isa = PBXBuildFile; fileRef = 78BB45052B016354000EA9F5 /* Notifications.swift */; };
		7898165B2B105A9B002AF275 /* Notifications.swift in Sources */ = {isa = PBXBuildFile; fileRef = 78BB45052B016354000EA9F5 /* Notifications.swift */; };
		7898165C2B105AA4002AF275 /* Notifications.swift in Sources */ = {isa = PBXBuildFile; fileRef = 78BB45052B016354000EA9F5 /* Notifications.swift */; };
		7898165E2B105CF3002AF275 /* Utils.swift in Sources */ = {isa = PBXBuildFile; fileRef = 7898165D2B105CF3002AF275 /* Utils.swift */; };
		7898165F2B105CF3002AF275 /* Utils.swift in Sources */ = {isa = PBXBuildFile; fileRef = 7898165D2B105CF3002AF275 /* Utils.swift */; };
		789816602B105DB2002AF275 /* Utils.swift in Sources */ = {isa = PBXBuildFile; fileRef = 7898165D2B105CF3002AF275 /* Utils.swift */; };
		789816622B105DCF002AF275 /* BedtimeBullyDataTestsUtils.swift in Sources */ = {isa = PBXBuildFile; fileRef = 789816612B105DCF002AF275 /* BedtimeBullyDataTestsUtils.swift */; };
		789816642B13F851002AF275 /* CountdownUntilBedtimeView.swift in Sources */ = {isa = PBXBuildFile; fileRef = 789816632B13F851002AF275 /* CountdownUntilBedtimeView.swift */; };
		789816652B13F851002AF275 /* CountdownUntilBedtimeView.swift in Sources */ = {isa = PBXBuildFile; fileRef = 789816632B13F851002AF275 /* CountdownUntilBedtimeView.swift */; };
		789816672B144430002AF275 /* NotificationSchedule.swift in Sources */ = {isa = PBXBuildFile; fileRef = 789816662B144430002AF275 /* NotificationSchedule.swift */; };
		789816682B144430002AF275 /* NotificationSchedule.swift in Sources */ = {isa = PBXBuildFile; fileRef = 789816662B144430002AF275 /* NotificationSchedule.swift */; };
		7898166A2B145117002AF275 /* BuildInitialData.swift in Sources */ = {isa = PBXBuildFile; fileRef = 789816692B145117002AF275 /* BuildInitialData.swift */; };
		7898166B2B145117002AF275 /* BuildInitialData.swift in Sources */ = {isa = PBXBuildFile; fileRef = 789816692B145117002AF275 /* BuildInitialData.swift */; };
		7898166D2B151601002AF275 /* CustomizeScreen.swift in Sources */ = {isa = PBXBuildFile; fileRef = 7898166C2B151601002AF275 /* CustomizeScreen.swift */; };
		7898166F2B15A13E002AF275 /* NotificationScheduleView.swift in Sources */ = {isa = PBXBuildFile; fileRef = 7898166E2B15A13E002AF275 /* NotificationScheduleView.swift */; };
		789816712B15A785002AF275 /* TimeInterval+formatted.swift in Sources */ = {isa = PBXBuildFile; fileRef = 789816702B15A785002AF275 /* TimeInterval+formatted.swift */; };
		789816722B15A785002AF275 /* TimeInterval+formatted.swift in Sources */ = {isa = PBXBuildFile; fileRef = 789816702B15A785002AF275 /* TimeInterval+formatted.swift */; };
		78BB44D82B0161D7000EA9F5 /* BedtimeBullyApp.swift in Sources */ = {isa = PBXBuildFile; fileRef = 78BB44D72B0161D7000EA9F5 /* BedtimeBullyApp.swift */; };
		78BB44DA2B0161D7000EA9F5 /* ContentView.swift in Sources */ = {isa = PBXBuildFile; fileRef = 78BB44D92B0161D7000EA9F5 /* ContentView.swift */; };
		78BB44DE2B0161D8000EA9F5 /* Assets.xcassets in Resources */ = {isa = PBXBuildFile; fileRef = 78BB44DD2B0161D8000EA9F5 /* Assets.xcassets */; };
		78BB44E12B0161D8000EA9F5 /* Preview Assets.xcassets in Resources */ = {isa = PBXBuildFile; fileRef = 78BB44E02B0161D8000EA9F5 /* Preview Assets.xcassets */; };
		78BB44ED2B0161D9000EA9F5 /* BedtimeBullyTests.swift in Sources */ = {isa = PBXBuildFile; fileRef = 78BB44EC2B0161D9000EA9F5 /* BedtimeBullyTests.swift */; };
		78BB44F72B0161D9000EA9F5 /* BedtimeBullyUITests.swift in Sources */ = {isa = PBXBuildFile; fileRef = 78BB44F62B0161D9000EA9F5 /* BedtimeBullyUITests.swift */; };
		78BB44F92B0161D9000EA9F5 /* BedtimeBullyUITestsLaunchTests.swift in Sources */ = {isa = PBXBuildFile; fileRef = 78BB44F82B0161D9000EA9F5 /* BedtimeBullyUITestsLaunchTests.swift */; };
		78BB45082B0163CE000EA9F5 /* HomeScreen.swift in Sources */ = {isa = PBXBuildFile; fileRef = 78BB45072B0163CE000EA9F5 /* HomeScreen.swift */; };
/* End PBXBuildFile section */

/* Begin PBXContainerItemProxy section */
		789816242B105999002AF275 /* PBXContainerItemProxy */ = {
			isa = PBXContainerItemProxy;
			containerPortal = 78BB44CC2B0161D7000EA9F5 /* Project object */;
			proxyType = 1;
			remoteGlobalIDString = 7898161A2B105999002AF275;
			remoteInfo = BedtimeBullyData;
		};
		789816262B105999002AF275 /* PBXContainerItemProxy */ = {
			isa = PBXContainerItemProxy;
			containerPortal = 78BB44CC2B0161D7000EA9F5 /* Project object */;
			proxyType = 1;
			remoteGlobalIDString = 78BB44D32B0161D7000EA9F5;
			remoteInfo = BedtimeBully;
		};
		7898162C2B105999002AF275 /* PBXContainerItemProxy */ = {
			isa = PBXContainerItemProxy;
			containerPortal = 78BB44CC2B0161D7000EA9F5 /* Project object */;
			proxyType = 1;
			remoteGlobalIDString = 7898161A2B105999002AF275;
			remoteInfo = BedtimeBullyData;
		};
		789816482B105A8D002AF275 /* PBXContainerItemProxy */ = {
			isa = PBXContainerItemProxy;
			containerPortal = 78BB44CC2B0161D7000EA9F5 /* Project object */;
			proxyType = 1;
			remoteGlobalIDString = 7898163E2B105A8D002AF275;
			remoteInfo = Notifications;
		};
		7898164A2B105A8D002AF275 /* PBXContainerItemProxy */ = {
			isa = PBXContainerItemProxy;
			containerPortal = 78BB44CC2B0161D7000EA9F5 /* Project object */;
			proxyType = 1;
			remoteGlobalIDString = 78BB44D32B0161D7000EA9F5;
			remoteInfo = BedtimeBully;
		};
		789816502B105A8E002AF275 /* PBXContainerItemProxy */ = {
			isa = PBXContainerItemProxy;
			containerPortal = 78BB44CC2B0161D7000EA9F5 /* Project object */;
			proxyType = 1;
			remoteGlobalIDString = 7898163E2B105A8D002AF275;
			remoteInfo = Notifications;
		};
		78BB44E92B0161D9000EA9F5 /* PBXContainerItemProxy */ = {
			isa = PBXContainerItemProxy;
			containerPortal = 78BB44CC2B0161D7000EA9F5 /* Project object */;
			proxyType = 1;
			remoteGlobalIDString = 78BB44D32B0161D7000EA9F5;
			remoteInfo = BedtimeBully;
		};
		78BB44F32B0161D9000EA9F5 /* PBXContainerItemProxy */ = {
			isa = PBXContainerItemProxy;
			containerPortal = 78BB44CC2B0161D7000EA9F5 /* Project object */;
			proxyType = 1;
			remoteGlobalIDString = 78BB44D32B0161D7000EA9F5;
			remoteInfo = BedtimeBully;
		};
/* End PBXContainerItemProxy section */

/* Begin PBXCopyFilesBuildPhase section */
		789816302B105999002AF275 /* Embed Frameworks */ = {
			isa = PBXCopyFilesBuildPhase;
			buildActionMask = 2147483647;
			dstPath = "";
			dstSubfolderSpec = 10;
			files = (
				7898162F2B105999002AF275 /* BedtimeBullyData.framework in Embed Frameworks */,
				789816532B105A8E002AF275 /* Notifications.framework in Embed Frameworks */,
			);
			name = "Embed Frameworks";
			runOnlyForDeploymentPostprocessing = 0;
		};
/* End PBXCopyFilesBuildPhase section */

/* Begin PBXFileReference section */
		7898161B2B105999002AF275 /* BedtimeBullyData.framework */ = {isa = PBXFileReference; explicitFileType = wrapper.framework; includeInIndex = 0; path = BedtimeBullyData.framework; sourceTree = BUILT_PRODUCTS_DIR; };
		7898161D2B105999002AF275 /* BedtimeBullyData.h */ = {isa = PBXFileReference; lastKnownFileType = sourcecode.c.h; path = BedtimeBullyData.h; sourceTree = "<group>"; };
		789816222B105999002AF275 /* BedtimeBullyDataTests.xctest */ = {isa = PBXFileReference; explicitFileType = wrapper.cfbundle; includeInIndex = 0; path = BedtimeBullyDataTests.xctest; sourceTree = BUILT_PRODUCTS_DIR; };
		789816292B105999002AF275 /* BedtimeBullyDataTests.swift */ = {isa = PBXFileReference; lastKnownFileType = sourcecode.swift; path = BedtimeBullyDataTests.swift; sourceTree = "<group>"; };
		789816372B105A2D002AF275 /* AppGroup.swift */ = {isa = PBXFileReference; lastKnownFileType = sourcecode.swift; path = AppGroup.swift; sourceTree = "<group>"; };
		7898163F2B105A8D002AF275 /* Notifications.framework */ = {isa = PBXFileReference; explicitFileType = wrapper.framework; includeInIndex = 0; path = Notifications.framework; sourceTree = BUILT_PRODUCTS_DIR; };
		789816412B105A8D002AF275 /* Notifications.h */ = {isa = PBXFileReference; lastKnownFileType = sourcecode.c.h; path = Notifications.h; sourceTree = "<group>"; };
		789816462B105A8D002AF275 /* NotificationsTests.xctest */ = {isa = PBXFileReference; explicitFileType = wrapper.cfbundle; includeInIndex = 0; path = NotificationsTests.xctest; sourceTree = BUILT_PRODUCTS_DIR; };
		7898164D2B105A8E002AF275 /* NotificationsTests.swift */ = {isa = PBXFileReference; lastKnownFileType = sourcecode.swift; path = NotificationsTests.swift; sourceTree = "<group>"; };
		7898165D2B105CF3002AF275 /* Utils.swift */ = {isa = PBXFileReference; lastKnownFileType = sourcecode.swift; path = Utils.swift; sourceTree = "<group>"; };
		789816612B105DCF002AF275 /* BedtimeBullyDataTestsUtils.swift */ = {isa = PBXFileReference; lastKnownFileType = sourcecode.swift; path = BedtimeBullyDataTestsUtils.swift; sourceTree = "<group>"; };
		789816632B13F851002AF275 /* CountdownUntilBedtimeView.swift */ = {isa = PBXFileReference; lastKnownFileType = sourcecode.swift; path = CountdownUntilBedtimeView.swift; sourceTree = "<group>"; };
		789816662B144430002AF275 /* NotificationSchedule.swift */ = {isa = PBXFileReference; lastKnownFileType = sourcecode.swift; path = NotificationSchedule.swift; sourceTree = "<group>"; };
		789816692B145117002AF275 /* BuildInitialData.swift */ = {isa = PBXFileReference; lastKnownFileType = sourcecode.swift; path = BuildInitialData.swift; sourceTree = "<group>"; };
		7898166C2B151601002AF275 /* CustomizeScreen.swift */ = {isa = PBXFileReference; lastKnownFileType = sourcecode.swift; path = CustomizeScreen.swift; sourceTree = "<group>"; };
		7898166E2B15A13E002AF275 /* NotificationScheduleView.swift */ = {isa = PBXFileReference; lastKnownFileType = sourcecode.swift; path = NotificationScheduleView.swift; sourceTree = "<group>"; };
		789816702B15A785002AF275 /* TimeInterval+formatted.swift */ = {isa = PBXFileReference; lastKnownFileType = sourcecode.swift; path = "TimeInterval+formatted.swift"; sourceTree = "<group>"; };
		78BB44D42B0161D7000EA9F5 /* BedtimeBully.app */ = {isa = PBXFileReference; explicitFileType = wrapper.application; includeInIndex = 0; path = BedtimeBully.app; sourceTree = BUILT_PRODUCTS_DIR; };
		78BB44D72B0161D7000EA9F5 /* BedtimeBullyApp.swift */ = {isa = PBXFileReference; lastKnownFileType = sourcecode.swift; path = BedtimeBullyApp.swift; sourceTree = "<group>"; };
		78BB44D92B0161D7000EA9F5 /* ContentView.swift */ = {isa = PBXFileReference; lastKnownFileType = sourcecode.swift; path = ContentView.swift; sourceTree = "<group>"; };
		78BB44DD2B0161D8000EA9F5 /* Assets.xcassets */ = {isa = PBXFileReference; lastKnownFileType = folder.assetcatalog; path = Assets.xcassets; sourceTree = "<group>"; };
		78BB44E02B0161D8000EA9F5 /* Preview Assets.xcassets */ = {isa = PBXFileReference; lastKnownFileType = folder.assetcatalog; path = "Preview Assets.xcassets"; sourceTree = "<group>"; };
		78BB44E22B0161D9000EA9F5 /* BedtimeBully.entitlements */ = {isa = PBXFileReference; lastKnownFileType = text.plist.entitlements; path = BedtimeBully.entitlements; sourceTree = "<group>"; };
		78BB44E32B0161D9000EA9F5 /* Info.plist */ = {isa = PBXFileReference; lastKnownFileType = text.plist.xml; path = Info.plist; sourceTree = "<group>"; };
		78BB44E82B0161D9000EA9F5 /* BedtimeBullyTests.xctest */ = {isa = PBXFileReference; explicitFileType = wrapper.cfbundle; includeInIndex = 0; path = BedtimeBullyTests.xctest; sourceTree = BUILT_PRODUCTS_DIR; };
		78BB44EC2B0161D9000EA9F5 /* BedtimeBullyTests.swift */ = {isa = PBXFileReference; lastKnownFileType = sourcecode.swift; path = BedtimeBullyTests.swift; sourceTree = "<group>"; };
		78BB44F22B0161D9000EA9F5 /* BedtimeBullyUITests.xctest */ = {isa = PBXFileReference; explicitFileType = wrapper.cfbundle; includeInIndex = 0; path = BedtimeBullyUITests.xctest; sourceTree = BUILT_PRODUCTS_DIR; };
		78BB44F62B0161D9000EA9F5 /* BedtimeBullyUITests.swift */ = {isa = PBXFileReference; lastKnownFileType = sourcecode.swift; path = BedtimeBullyUITests.swift; sourceTree = "<group>"; };
		78BB44F82B0161D9000EA9F5 /* BedtimeBullyUITestsLaunchTests.swift */ = {isa = PBXFileReference; lastKnownFileType = sourcecode.swift; path = BedtimeBullyUITestsLaunchTests.swift; sourceTree = "<group>"; };
		78BB45052B016354000EA9F5 /* Notifications.swift */ = {isa = PBXFileReference; lastKnownFileType = sourcecode.swift; path = Notifications.swift; sourceTree = "<group>"; };
		78BB45072B0163CE000EA9F5 /* HomeScreen.swift */ = {isa = PBXFileReference; lastKnownFileType = sourcecode.swift; path = HomeScreen.swift; sourceTree = "<group>"; };
/* End PBXFileReference section */

/* Begin PBXFrameworksBuildPhase section */
		789816182B105999002AF275 /* Frameworks */ = {
			isa = PBXFrameworksBuildPhase;
			buildActionMask = 2147483647;
			files = (
			);
			runOnlyForDeploymentPostprocessing = 0;
		};
		7898161F2B105999002AF275 /* Frameworks */ = {
			isa = PBXFrameworksBuildPhase;
			buildActionMask = 2147483647;
			files = (
				789816232B105999002AF275 /* BedtimeBullyData.framework in Frameworks */,
			);
			runOnlyForDeploymentPostprocessing = 0;
		};
		7898163C2B105A8D002AF275 /* Frameworks */ = {
			isa = PBXFrameworksBuildPhase;
			buildActionMask = 2147483647;
			files = (
			);
			runOnlyForDeploymentPostprocessing = 0;
		};
		789816432B105A8D002AF275 /* Frameworks */ = {
			isa = PBXFrameworksBuildPhase;
			buildActionMask = 2147483647;
			files = (
				789816472B105A8D002AF275 /* Notifications.framework in Frameworks */,
			);
			runOnlyForDeploymentPostprocessing = 0;
		};
		78BB44D12B0161D7000EA9F5 /* Frameworks */ = {
			isa = PBXFrameworksBuildPhase;
			buildActionMask = 2147483647;
			files = (
				7898162E2B105999002AF275 /* BedtimeBullyData.framework in Frameworks */,
				789816522B105A8E002AF275 /* Notifications.framework in Frameworks */,
			);
			runOnlyForDeploymentPostprocessing = 0;
		};
		78BB44E52B0161D9000EA9F5 /* Frameworks */ = {
			isa = PBXFrameworksBuildPhase;
			buildActionMask = 2147483647;
			files = (
			);
			runOnlyForDeploymentPostprocessing = 0;
		};
		78BB44EF2B0161D9000EA9F5 /* Frameworks */ = {
			isa = PBXFrameworksBuildPhase;
			buildActionMask = 2147483647;
			files = (
			);
			runOnlyForDeploymentPostprocessing = 0;
		};
/* End PBXFrameworksBuildPhase section */

/* Begin PBXGroup section */
		7898161C2B105999002AF275 /* BedtimeBullyData */ = {
			isa = PBXGroup;
			children = (
				7898161D2B105999002AF275 /* BedtimeBullyData.h */,
				789816372B105A2D002AF275 /* AppGroup.swift */,
				7898165D2B105CF3002AF275 /* Utils.swift */,
				789816662B144430002AF275 /* NotificationSchedule.swift */,
				789816692B145117002AF275 /* BuildInitialData.swift */,
				789816702B15A785002AF275 /* TimeInterval+formatted.swift */,
			);
			path = BedtimeBullyData;
			sourceTree = "<group>";
		};
		789816282B105999002AF275 /* BedtimeBullyDataTests */ = {
			isa = PBXGroup;
			children = (
				789816292B105999002AF275 /* BedtimeBullyDataTests.swift */,
				789816612B105DCF002AF275 /* BedtimeBullyDataTestsUtils.swift */,
			);
			path = BedtimeBullyDataTests;
			sourceTree = "<group>";
		};
		789816402B105A8D002AF275 /* Notifications */ = {
			isa = PBXGroup;
			children = (
				78BB45052B016354000EA9F5 /* Notifications.swift */,
				789816412B105A8D002AF275 /* Notifications.h */,
			);
			path = Notifications;
			sourceTree = "<group>";
		};
		7898164C2B105A8E002AF275 /* NotificationsTests */ = {
			isa = PBXGroup;
			children = (
				7898164D2B105A8E002AF275 /* NotificationsTests.swift */,
			);
			path = NotificationsTests;
			sourceTree = "<group>";
		};
		78BB44CB2B0161D7000EA9F5 = {
			isa = PBXGroup;
			children = (
				78BB44D62B0161D7000EA9F5 /* BedtimeBully */,
				78BB44EB2B0161D9000EA9F5 /* BedtimeBullyTests */,
				78BB44F52B0161D9000EA9F5 /* BedtimeBullyUITests */,
				7898161C2B105999002AF275 /* BedtimeBullyData */,
				789816282B105999002AF275 /* BedtimeBullyDataTests */,
				789816402B105A8D002AF275 /* Notifications */,
				7898164C2B105A8E002AF275 /* NotificationsTests */,
				78BB44D52B0161D7000EA9F5 /* Products */,
			);
			sourceTree = "<group>";
		};
		78BB44D52B0161D7000EA9F5 /* Products */ = {
			isa = PBXGroup;
			children = (
				78BB44D42B0161D7000EA9F5 /* BedtimeBully.app */,
				78BB44E82B0161D9000EA9F5 /* BedtimeBullyTests.xctest */,
				78BB44F22B0161D9000EA9F5 /* BedtimeBullyUITests.xctest */,
				7898161B2B105999002AF275 /* BedtimeBullyData.framework */,
				789816222B105999002AF275 /* BedtimeBullyDataTests.xctest */,
				7898163F2B105A8D002AF275 /* Notifications.framework */,
				789816462B105A8D002AF275 /* NotificationsTests.xctest */,
			);
			name = Products;
			sourceTree = "<group>";
		};
		78BB44D62B0161D7000EA9F5 /* BedtimeBully */ = {
			isa = PBXGroup;
			children = (
				78BB44D72B0161D7000EA9F5 /* BedtimeBullyApp.swift */,
				78BB44D92B0161D7000EA9F5 /* ContentView.swift */,
				78BB44DD2B0161D8000EA9F5 /* Assets.xcassets */,
				78BB44E22B0161D9000EA9F5 /* BedtimeBully.entitlements */,
				78BB44E32B0161D9000EA9F5 /* Info.plist */,
				78BB44DF2B0161D8000EA9F5 /* Preview Content */,
				78BB45072B0163CE000EA9F5 /* HomeScreen.swift */,
				789816632B13F851002AF275 /* CountdownUntilBedtimeView.swift */,
				7898166C2B151601002AF275 /* CustomizeScreen.swift */,
				7898166E2B15A13E002AF275 /* NotificationScheduleView.swift */,
			);
			path = BedtimeBully;
			sourceTree = "<group>";
		};
		78BB44DF2B0161D8000EA9F5 /* Preview Content */ = {
			isa = PBXGroup;
			children = (
				78BB44E02B0161D8000EA9F5 /* Preview Assets.xcassets */,
			);
			path = "Preview Content";
			sourceTree = "<group>";
		};
		78BB44EB2B0161D9000EA9F5 /* BedtimeBullyTests */ = {
			isa = PBXGroup;
			children = (
				78BB44EC2B0161D9000EA9F5 /* BedtimeBullyTests.swift */,
			);
			path = BedtimeBullyTests;
			sourceTree = "<group>";
		};
		78BB44F52B0161D9000EA9F5 /* BedtimeBullyUITests */ = {
			isa = PBXGroup;
			children = (
				78BB44F62B0161D9000EA9F5 /* BedtimeBullyUITests.swift */,
				78BB44F82B0161D9000EA9F5 /* BedtimeBullyUITestsLaunchTests.swift */,
			);
			path = BedtimeBullyUITests;
			sourceTree = "<group>";
		};
/* End PBXGroup section */

/* Begin PBXHeadersBuildPhase section */
		789816162B105999002AF275 /* Headers */ = {
			isa = PBXHeadersBuildPhase;
			buildActionMask = 2147483647;
			files = (
				7898162B2B105999002AF275 /* BedtimeBullyData.h in Headers */,
			);
			runOnlyForDeploymentPostprocessing = 0;
		};
		7898163A2B105A8D002AF275 /* Headers */ = {
			isa = PBXHeadersBuildPhase;
			buildActionMask = 2147483647;
			files = (
				7898164F2B105A8E002AF275 /* Notifications.h in Headers */,
			);
			runOnlyForDeploymentPostprocessing = 0;
		};
/* End PBXHeadersBuildPhase section */

/* Begin PBXNativeTarget section */
		7898161A2B105999002AF275 /* BedtimeBullyData */ = {
			isa = PBXNativeTarget;
			buildConfigurationList = 789816352B105999002AF275 /* Build configuration list for PBXNativeTarget "BedtimeBullyData" */;
			buildPhases = (
				789816162B105999002AF275 /* Headers */,
				789816172B105999002AF275 /* Sources */,
				789816182B105999002AF275 /* Frameworks */,
				789816192B105999002AF275 /* Resources */,
			);
			buildRules = (
			);
			dependencies = (
			);
			name = BedtimeBullyData;
			productName = BedtimeBullyData;
			productReference = 7898161B2B105999002AF275 /* BedtimeBullyData.framework */;
			productType = "com.apple.product-type.framework";
		};
		789816212B105999002AF275 /* BedtimeBullyDataTests */ = {
			isa = PBXNativeTarget;
			buildConfigurationList = 789816362B105999002AF275 /* Build configuration list for PBXNativeTarget "BedtimeBullyDataTests" */;
			buildPhases = (
				7898161E2B105999002AF275 /* Sources */,
				7898161F2B105999002AF275 /* Frameworks */,
				789816202B105999002AF275 /* Resources */,
			);
			buildRules = (
			);
			dependencies = (
				789816252B105999002AF275 /* PBXTargetDependency */,
				789816272B105999002AF275 /* PBXTargetDependency */,
			);
			name = BedtimeBullyDataTests;
			productName = BedtimeBullyDataTests;
			productReference = 789816222B105999002AF275 /* BedtimeBullyDataTests.xctest */;
			productType = "com.apple.product-type.bundle.unit-test";
		};
		7898163E2B105A8D002AF275 /* Notifications */ = {
			isa = PBXNativeTarget;
			buildConfigurationList = 789816542B105A8E002AF275 /* Build configuration list for PBXNativeTarget "Notifications" */;
			buildPhases = (
				7898163A2B105A8D002AF275 /* Headers */,
				7898163B2B105A8D002AF275 /* Sources */,
				7898163C2B105A8D002AF275 /* Frameworks */,
				7898163D2B105A8D002AF275 /* Resources */,
			);
			buildRules = (
			);
			dependencies = (
			);
			name = Notifications;
			productName = Notifications;
			productReference = 7898163F2B105A8D002AF275 /* Notifications.framework */;
			productType = "com.apple.product-type.framework";
		};
		789816452B105A8D002AF275 /* NotificationsTests */ = {
			isa = PBXNativeTarget;
			buildConfigurationList = 789816572B105A8E002AF275 /* Build configuration list for PBXNativeTarget "NotificationsTests" */;
			buildPhases = (
				789816422B105A8D002AF275 /* Sources */,
				789816432B105A8D002AF275 /* Frameworks */,
				789816442B105A8D002AF275 /* Resources */,
			);
			buildRules = (
			);
			dependencies = (
				789816492B105A8D002AF275 /* PBXTargetDependency */,
				7898164B2B105A8D002AF275 /* PBXTargetDependency */,
			);
			name = NotificationsTests;
			productName = NotificationsTests;
			productReference = 789816462B105A8D002AF275 /* NotificationsTests.xctest */;
			productType = "com.apple.product-type.bundle.unit-test";
		};
		78BB44D32B0161D7000EA9F5 /* BedtimeBully */ = {
			isa = PBXNativeTarget;
			buildConfigurationList = 78BB44FC2B0161D9000EA9F5 /* Build configuration list for PBXNativeTarget "BedtimeBully" */;
			buildPhases = (
				78BB44D02B0161D7000EA9F5 /* Sources */,
				78BB44D12B0161D7000EA9F5 /* Frameworks */,
				78BB44D22B0161D7000EA9F5 /* Resources */,
				789816302B105999002AF275 /* Embed Frameworks */,
			);
			buildRules = (
			);
			dependencies = (
				7898162D2B105999002AF275 /* PBXTargetDependency */,
				789816512B105A8E002AF275 /* PBXTargetDependency */,
			);
			name = BedtimeBully;
			productName = BedtimeBully;
			productReference = 78BB44D42B0161D7000EA9F5 /* BedtimeBully.app */;
			productType = "com.apple.product-type.application";
		};
		78BB44E72B0161D9000EA9F5 /* BedtimeBullyTests */ = {
			isa = PBXNativeTarget;
			buildConfigurationList = 78BB44FF2B0161D9000EA9F5 /* Build configuration list for PBXNativeTarget "BedtimeBullyTests" */;
			buildPhases = (
				78BB44E42B0161D9000EA9F5 /* Sources */,
				78BB44E52B0161D9000EA9F5 /* Frameworks */,
				78BB44E62B0161D9000EA9F5 /* Resources */,
			);
			buildRules = (
			);
			dependencies = (
				78BB44EA2B0161D9000EA9F5 /* PBXTargetDependency */,
			);
			name = BedtimeBullyTests;
			productName = BedtimeBullyTests;
			productReference = 78BB44E82B0161D9000EA9F5 /* BedtimeBullyTests.xctest */;
			productType = "com.apple.product-type.bundle.unit-test";
		};
		78BB44F12B0161D9000EA9F5 /* BedtimeBullyUITests */ = {
			isa = PBXNativeTarget;
			buildConfigurationList = 78BB45022B0161D9000EA9F5 /* Build configuration list for PBXNativeTarget "BedtimeBullyUITests" */;
			buildPhases = (
				78BB44EE2B0161D9000EA9F5 /* Sources */,
				78BB44EF2B0161D9000EA9F5 /* Frameworks */,
				78BB44F02B0161D9000EA9F5 /* Resources */,
			);
			buildRules = (
			);
			dependencies = (
				78BB44F42B0161D9000EA9F5 /* PBXTargetDependency */,
			);
			name = BedtimeBullyUITests;
			productName = BedtimeBullyUITests;
			productReference = 78BB44F22B0161D9000EA9F5 /* BedtimeBullyUITests.xctest */;
			productType = "com.apple.product-type.bundle.ui-testing";
		};
/* End PBXNativeTarget section */

/* Begin PBXProject section */
		78BB44CC2B0161D7000EA9F5 /* Project object */ = {
			isa = PBXProject;
			attributes = {
				BuildIndependentTargetsInParallel = 1;
				LastSwiftUpdateCheck = 1500;
				LastUpgradeCheck = 1500;
				TargetAttributes = {
					7898161A2B105999002AF275 = {
						CreatedOnToolsVersion = 15.0.1;
						LastSwiftMigration = 1500;
					};
					789816212B105999002AF275 = {
						CreatedOnToolsVersion = 15.0.1;
						TestTargetID = 78BB44D32B0161D7000EA9F5;
					};
					7898163E2B105A8D002AF275 = {
						CreatedOnToolsVersion = 15.0.1;
					};
					789816452B105A8D002AF275 = {
						CreatedOnToolsVersion = 15.0.1;
						TestTargetID = 78BB44D32B0161D7000EA9F5;
					};
					78BB44D32B0161D7000EA9F5 = {
						CreatedOnToolsVersion = 15.0.1;
					};
					78BB44E72B0161D9000EA9F5 = {
						CreatedOnToolsVersion = 15.0.1;
						TestTargetID = 78BB44D32B0161D7000EA9F5;
					};
					78BB44F12B0161D9000EA9F5 = {
						CreatedOnToolsVersion = 15.0.1;
						TestTargetID = 78BB44D32B0161D7000EA9F5;
					};
				};
			};
			buildConfigurationList = 78BB44CF2B0161D7000EA9F5 /* Build configuration list for PBXProject "BedtimeBully" */;
			compatibilityVersion = "Xcode 14.0";
			developmentRegion = en;
			hasScannedForEncodings = 0;
			knownRegions = (
				en,
				Base,
			);
			mainGroup = 78BB44CB2B0161D7000EA9F5;
			productRefGroup = 78BB44D52B0161D7000EA9F5 /* Products */;
			projectDirPath = "";
			projectRoot = "";
			targets = (
				78BB44D32B0161D7000EA9F5 /* BedtimeBully */,
				78BB44E72B0161D9000EA9F5 /* BedtimeBullyTests */,
				78BB44F12B0161D9000EA9F5 /* BedtimeBullyUITests */,
				7898161A2B105999002AF275 /* BedtimeBullyData */,
				789816212B105999002AF275 /* BedtimeBullyDataTests */,
				7898163E2B105A8D002AF275 /* Notifications */,
				789816452B105A8D002AF275 /* NotificationsTests */,
			);
		};
/* End PBXProject section */

/* Begin PBXResourcesBuildPhase section */
		789816192B105999002AF275 /* Resources */ = {
			isa = PBXResourcesBuildPhase;
			buildActionMask = 2147483647;
			files = (
			);
			runOnlyForDeploymentPostprocessing = 0;
		};
		789816202B105999002AF275 /* Resources */ = {
			isa = PBXResourcesBuildPhase;
			buildActionMask = 2147483647;
			files = (
			);
			runOnlyForDeploymentPostprocessing = 0;
		};
		7898163D2B105A8D002AF275 /* Resources */ = {
			isa = PBXResourcesBuildPhase;
			buildActionMask = 2147483647;
			files = (
			);
			runOnlyForDeploymentPostprocessing = 0;
		};
		789816442B105A8D002AF275 /* Resources */ = {
			isa = PBXResourcesBuildPhase;
			buildActionMask = 2147483647;
			files = (
			);
			runOnlyForDeploymentPostprocessing = 0;
		};
		78BB44D22B0161D7000EA9F5 /* Resources */ = {
			isa = PBXResourcesBuildPhase;
			buildActionMask = 2147483647;
			files = (
				78BB44E12B0161D8000EA9F5 /* Preview Assets.xcassets in Resources */,
				78BB44DE2B0161D8000EA9F5 /* Assets.xcassets in Resources */,
			);
			runOnlyForDeploymentPostprocessing = 0;
		};
		78BB44E62B0161D9000EA9F5 /* Resources */ = {
			isa = PBXResourcesBuildPhase;
			buildActionMask = 2147483647;
			files = (
			);
			runOnlyForDeploymentPostprocessing = 0;
		};
		78BB44F02B0161D9000EA9F5 /* Resources */ = {
			isa = PBXResourcesBuildPhase;
			buildActionMask = 2147483647;
			files = (
			);
			runOnlyForDeploymentPostprocessing = 0;
		};
/* End PBXResourcesBuildPhase section */

/* Begin PBXSourcesBuildPhase section */
		789816172B105999002AF275 /* Sources */ = {
			isa = PBXSourcesBuildPhase;
			buildActionMask = 2147483647;
			files = (
				789816392B105A2D002AF275 /* AppGroup.swift in Sources */,
				789816682B144430002AF275 /* NotificationSchedule.swift in Sources */,
				7898165F2B105CF3002AF275 /* Utils.swift in Sources */,
				7898166B2B145117002AF275 /* BuildInitialData.swift in Sources */,
				789816722B15A785002AF275 /* TimeInterval+formatted.swift in Sources */,
				789816652B13F851002AF275 /* CountdownUntilBedtimeView.swift in Sources */,
			);
			runOnlyForDeploymentPostprocessing = 0;
		};
		7898161E2B105999002AF275 /* Sources */ = {
			isa = PBXSourcesBuildPhase;
			buildActionMask = 2147483647;
			files = (
				789816622B105DCF002AF275 /* BedtimeBullyDataTestsUtils.swift in Sources */,
				7898162A2B105999002AF275 /* BedtimeBullyDataTests.swift in Sources */,
				789816602B105DB2002AF275 /* Utils.swift in Sources */,
			);
			runOnlyForDeploymentPostprocessing = 0;
		};
		7898163B2B105A8D002AF275 /* Sources */ = {
			isa = PBXSourcesBuildPhase;
			buildActionMask = 2147483647;
			files = (
				7898165A2B105A97002AF275 /* Notifications.swift in Sources */,
			);
			runOnlyForDeploymentPostprocessing = 0;
		};
		789816422B105A8D002AF275 /* Sources */ = {
			isa = PBXSourcesBuildPhase;
			buildActionMask = 2147483647;
			files = (
				7898165C2B105AA4002AF275 /* Notifications.swift in Sources */,
				7898164E2B105A8E002AF275 /* NotificationsTests.swift in Sources */,
			);
			runOnlyForDeploymentPostprocessing = 0;
		};
		78BB44D02B0161D7000EA9F5 /* Sources */ = {
			isa = PBXSourcesBuildPhase;
			buildActionMask = 2147483647;
			files = (
				789816642B13F851002AF275 /* CountdownUntilBedtimeView.swift in Sources */,
				7898165B2B105A9B002AF275 /* Notifications.swift in Sources */,
				7898166A2B145117002AF275 /* BuildInitialData.swift in Sources */,
				789816382B105A2D002AF275 /* AppGroup.swift in Sources */,
				789816712B15A785002AF275 /* TimeInterval+formatted.swift in Sources */,
				78BB45082B0163CE000EA9F5 /* HomeScreen.swift in Sources */,
				789816672B144430002AF275 /* NotificationSchedule.swift in Sources */,
				7898165E2B105CF3002AF275 /* Utils.swift in Sources */,
				7898166D2B151601002AF275 /* CustomizeScreen.swift in Sources */,
				78BB44DA2B0161D7000EA9F5 /* ContentView.swift in Sources */,
				78BB44D82B0161D7000EA9F5 /* BedtimeBullyApp.swift in Sources */,
				7898166F2B15A13E002AF275 /* NotificationScheduleView.swift in Sources */,
			);
			runOnlyForDeploymentPostprocessing = 0;
		};
		78BB44E42B0161D9000EA9F5 /* Sources */ = {
			isa = PBXSourcesBuildPhase;
			buildActionMask = 2147483647;
			files = (
				78BB44ED2B0161D9000EA9F5 /* BedtimeBullyTests.swift in Sources */,
			);
			runOnlyForDeploymentPostprocessing = 0;
		};
		78BB44EE2B0161D9000EA9F5 /* Sources */ = {
			isa = PBXSourcesBuildPhase;
			buildActionMask = 2147483647;
			files = (
				78BB44F92B0161D9000EA9F5 /* BedtimeBullyUITestsLaunchTests.swift in Sources */,
				78BB44F72B0161D9000EA9F5 /* BedtimeBullyUITests.swift in Sources */,
			);
			runOnlyForDeploymentPostprocessing = 0;
		};
/* End PBXSourcesBuildPhase section */

/* Begin PBXTargetDependency section */
		789816252B105999002AF275 /* PBXTargetDependency */ = {
			isa = PBXTargetDependency;
			target = 7898161A2B105999002AF275 /* BedtimeBullyData */;
			targetProxy = 789816242B105999002AF275 /* PBXContainerItemProxy */;
		};
		789816272B105999002AF275 /* PBXTargetDependency */ = {
			isa = PBXTargetDependency;
			target = 78BB44D32B0161D7000EA9F5 /* BedtimeBully */;
			targetProxy = 789816262B105999002AF275 /* PBXContainerItemProxy */;
		};
		7898162D2B105999002AF275 /* PBXTargetDependency */ = {
			isa = PBXTargetDependency;
			target = 7898161A2B105999002AF275 /* BedtimeBullyData */;
			targetProxy = 7898162C2B105999002AF275 /* PBXContainerItemProxy */;
		};
		789816492B105A8D002AF275 /* PBXTargetDependency */ = {
			isa = PBXTargetDependency;
			target = 7898163E2B105A8D002AF275 /* Notifications */;
			targetProxy = 789816482B105A8D002AF275 /* PBXContainerItemProxy */;
		};
		7898164B2B105A8D002AF275 /* PBXTargetDependency */ = {
			isa = PBXTargetDependency;
			target = 78BB44D32B0161D7000EA9F5 /* BedtimeBully */;
			targetProxy = 7898164A2B105A8D002AF275 /* PBXContainerItemProxy */;
		};
		789816512B105A8E002AF275 /* PBXTargetDependency */ = {
			isa = PBXTargetDependency;
			target = 7898163E2B105A8D002AF275 /* Notifications */;
			targetProxy = 789816502B105A8E002AF275 /* PBXContainerItemProxy */;
		};
		78BB44EA2B0161D9000EA9F5 /* PBXTargetDependency */ = {
			isa = PBXTargetDependency;
			target = 78BB44D32B0161D7000EA9F5 /* BedtimeBully */;
			targetProxy = 78BB44E92B0161D9000EA9F5 /* PBXContainerItemProxy */;
		};
		78BB44F42B0161D9000EA9F5 /* PBXTargetDependency */ = {
			isa = PBXTargetDependency;
			target = 78BB44D32B0161D7000EA9F5 /* BedtimeBully */;
			targetProxy = 78BB44F32B0161D9000EA9F5 /* PBXContainerItemProxy */;
		};
/* End PBXTargetDependency section */

/* Begin XCBuildConfiguration section */
		789816312B105999002AF275 /* Debug */ = {
			isa = XCBuildConfiguration;
			buildSettings = {
				CLANG_ENABLE_MODULES = YES;
				CODE_SIGN_STYLE = Automatic;
				CURRENT_PROJECT_VERSION = 1;
				DEFINES_MODULE = YES;
				DEVELOPMENT_TEAM = 4QGR522B9M;
				DYLIB_COMPATIBILITY_VERSION = 1;
				DYLIB_CURRENT_VERSION = 1;
				DYLIB_INSTALL_NAME_BASE = "@rpath";
				ENABLE_MODULE_VERIFIER = YES;
				GENERATE_INFOPLIST_FILE = YES;
				INFOPLIST_KEY_NSHumanReadableCopyright = "";
				INSTALL_PATH = "$(LOCAL_LIBRARY_DIR)/Frameworks";
				LD_RUNPATH_SEARCH_PATHS = (
					"$(inherited)",
					"@executable_path/Frameworks",
					"@loader_path/Frameworks",
				);
				MARKETING_VERSION = 1.0;
				MODULE_VERIFIER_SUPPORTED_LANGUAGES = "objective-c objective-c++";
				MODULE_VERIFIER_SUPPORTED_LANGUAGE_STANDARDS = "gnu17 gnu++20";
				PRODUCT_BUNDLE_IDENTIFIER = rjs.app.dev.BedtimeBullyData;
				PRODUCT_NAME = "$(TARGET_NAME:c99extidentifier)";
				SKIP_INSTALL = YES;
				SWIFT_EMIT_LOC_STRINGS = YES;
				SWIFT_OPTIMIZATION_LEVEL = "-Onone";
				SWIFT_VERSION = 5.0;
				TARGETED_DEVICE_FAMILY = "1,2";
				VERSIONING_SYSTEM = "apple-generic";
				VERSION_INFO_PREFIX = "";
			};
			name = Debug;
		};
		789816322B105999002AF275 /* Release */ = {
			isa = XCBuildConfiguration;
			buildSettings = {
				CLANG_ENABLE_MODULES = YES;
				CODE_SIGN_STYLE = Automatic;
				CURRENT_PROJECT_VERSION = 1;
				DEFINES_MODULE = YES;
				DEVELOPMENT_TEAM = 4QGR522B9M;
				DYLIB_COMPATIBILITY_VERSION = 1;
				DYLIB_CURRENT_VERSION = 1;
				DYLIB_INSTALL_NAME_BASE = "@rpath";
				ENABLE_MODULE_VERIFIER = YES;
				GENERATE_INFOPLIST_FILE = YES;
				INFOPLIST_KEY_NSHumanReadableCopyright = "";
				INSTALL_PATH = "$(LOCAL_LIBRARY_DIR)/Frameworks";
				LD_RUNPATH_SEARCH_PATHS = (
					"$(inherited)",
					"@executable_path/Frameworks",
					"@loader_path/Frameworks",
				);
				MARKETING_VERSION = 1.0;
				MODULE_VERIFIER_SUPPORTED_LANGUAGES = "objective-c objective-c++";
				MODULE_VERIFIER_SUPPORTED_LANGUAGE_STANDARDS = "gnu17 gnu++20";
				PRODUCT_BUNDLE_IDENTIFIER = rjs.app.dev.BedtimeBullyData;
				PRODUCT_NAME = "$(TARGET_NAME:c99extidentifier)";
				SKIP_INSTALL = YES;
				SWIFT_EMIT_LOC_STRINGS = YES;
				SWIFT_VERSION = 5.0;
				TARGETED_DEVICE_FAMILY = "1,2";
				VERSIONING_SYSTEM = "apple-generic";
				VERSION_INFO_PREFIX = "";
			};
			name = Release;
		};
		789816332B105999002AF275 /* Debug */ = {
			isa = XCBuildConfiguration;
			buildSettings = {
				ALWAYS_EMBED_SWIFT_STANDARD_LIBRARIES = YES;
				CODE_SIGN_STYLE = Automatic;
				CURRENT_PROJECT_VERSION = 1;
				DEVELOPMENT_TEAM = 4QGR522B9M;
				GENERATE_INFOPLIST_FILE = YES;
				MARKETING_VERSION = 1.0;
				PRODUCT_BUNDLE_IDENTIFIER = rjs.app.dev.BedtimeBullyDataTests;
				PRODUCT_NAME = "$(TARGET_NAME)";
				SWIFT_EMIT_LOC_STRINGS = NO;
				SWIFT_VERSION = 5.0;
				TARGETED_DEVICE_FAMILY = "1,2";
				TEST_HOST = "$(BUILT_PRODUCTS_DIR)/BedtimeBully.app/$(BUNDLE_EXECUTABLE_FOLDER_PATH)/BedtimeBully";
			};
			name = Debug;
		};
		789816342B105999002AF275 /* Release */ = {
			isa = XCBuildConfiguration;
			buildSettings = {
				ALWAYS_EMBED_SWIFT_STANDARD_LIBRARIES = YES;
				CODE_SIGN_STYLE = Automatic;
				CURRENT_PROJECT_VERSION = 1;
				DEVELOPMENT_TEAM = 4QGR522B9M;
				GENERATE_INFOPLIST_FILE = YES;
				MARKETING_VERSION = 1.0;
				PRODUCT_BUNDLE_IDENTIFIER = rjs.app.dev.BedtimeBullyDataTests;
				PRODUCT_NAME = "$(TARGET_NAME)";
				SWIFT_EMIT_LOC_STRINGS = NO;
				SWIFT_VERSION = 5.0;
				TARGETED_DEVICE_FAMILY = "1,2";
				TEST_HOST = "$(BUILT_PRODUCTS_DIR)/BedtimeBully.app/$(BUNDLE_EXECUTABLE_FOLDER_PATH)/BedtimeBully";
			};
			name = Release;
		};
		789816552B105A8E002AF275 /* Debug */ = {
			isa = XCBuildConfiguration;
			buildSettings = {
				CODE_SIGN_STYLE = Automatic;
				CURRENT_PROJECT_VERSION = 1;
				DEFINES_MODULE = YES;
				DEVELOPMENT_TEAM = 4QGR522B9M;
				DYLIB_COMPATIBILITY_VERSION = 1;
				DYLIB_CURRENT_VERSION = 1;
				DYLIB_INSTALL_NAME_BASE = "@rpath";
				ENABLE_MODULE_VERIFIER = YES;
				GENERATE_INFOPLIST_FILE = YES;
				INFOPLIST_KEY_NSHumanReadableCopyright = "";
				INSTALL_PATH = "$(LOCAL_LIBRARY_DIR)/Frameworks";
				LD_RUNPATH_SEARCH_PATHS = (
					"$(inherited)",
					"@executable_path/Frameworks",
					"@loader_path/Frameworks",
				);
				MARKETING_VERSION = 1.0;
				MODULE_VERIFIER_SUPPORTED_LANGUAGES = "objective-c objective-c++";
				MODULE_VERIFIER_SUPPORTED_LANGUAGE_STANDARDS = "gnu17 gnu++20";
				PRODUCT_BUNDLE_IDENTIFIER = rjs.app.dev.Notifications;
				PRODUCT_NAME = "$(TARGET_NAME:c99extidentifier)";
				SKIP_INSTALL = YES;
				SWIFT_EMIT_LOC_STRINGS = YES;
				SWIFT_VERSION = 5.0;
				TARGETED_DEVICE_FAMILY = "1,2";
				VERSIONING_SYSTEM = "apple-generic";
				VERSION_INFO_PREFIX = "";
			};
			name = Debug;
		};
		789816562B105A8E002AF275 /* Release */ = {
			isa = XCBuildConfiguration;
			buildSettings = {
				CODE_SIGN_STYLE = Automatic;
				CURRENT_PROJECT_VERSION = 1;
				DEFINES_MODULE = YES;
				DEVELOPMENT_TEAM = 4QGR522B9M;
				DYLIB_COMPATIBILITY_VERSION = 1;
				DYLIB_CURRENT_VERSION = 1;
				DYLIB_INSTALL_NAME_BASE = "@rpath";
				ENABLE_MODULE_VERIFIER = YES;
				GENERATE_INFOPLIST_FILE = YES;
				INFOPLIST_KEY_NSHumanReadableCopyright = "";
				INSTALL_PATH = "$(LOCAL_LIBRARY_DIR)/Frameworks";
				LD_RUNPATH_SEARCH_PATHS = (
					"$(inherited)",
					"@executable_path/Frameworks",
					"@loader_path/Frameworks",
				);
				MARKETING_VERSION = 1.0;
				MODULE_VERIFIER_SUPPORTED_LANGUAGES = "objective-c objective-c++";
				MODULE_VERIFIER_SUPPORTED_LANGUAGE_STANDARDS = "gnu17 gnu++20";
				PRODUCT_BUNDLE_IDENTIFIER = rjs.app.dev.Notifications;
				PRODUCT_NAME = "$(TARGET_NAME:c99extidentifier)";
				SKIP_INSTALL = YES;
				SWIFT_EMIT_LOC_STRINGS = YES;
				SWIFT_VERSION = 5.0;
				TARGETED_DEVICE_FAMILY = "1,2";
				VERSIONING_SYSTEM = "apple-generic";
				VERSION_INFO_PREFIX = "";
			};
			name = Release;
		};
		789816582B105A8E002AF275 /* Debug */ = {
			isa = XCBuildConfiguration;
			buildSettings = {
				ALWAYS_EMBED_SWIFT_STANDARD_LIBRARIES = YES;
				CODE_SIGN_STYLE = Automatic;
				CURRENT_PROJECT_VERSION = 1;
				DEVELOPMENT_TEAM = 4QGR522B9M;
				GENERATE_INFOPLIST_FILE = YES;
				MARKETING_VERSION = 1.0;
				PRODUCT_BUNDLE_IDENTIFIER = rjs.app.dev.NotificationsTests;
				PRODUCT_NAME = "$(TARGET_NAME)";
				SWIFT_EMIT_LOC_STRINGS = NO;
				SWIFT_VERSION = 5.0;
				TARGETED_DEVICE_FAMILY = "1,2";
				TEST_HOST = "$(BUILT_PRODUCTS_DIR)/BedtimeBully.app/$(BUNDLE_EXECUTABLE_FOLDER_PATH)/BedtimeBully";
			};
			name = Debug;
		};
		789816592B105A8E002AF275 /* Release */ = {
			isa = XCBuildConfiguration;
			buildSettings = {
				ALWAYS_EMBED_SWIFT_STANDARD_LIBRARIES = YES;
				CODE_SIGN_STYLE = Automatic;
				CURRENT_PROJECT_VERSION = 1;
				DEVELOPMENT_TEAM = 4QGR522B9M;
				GENERATE_INFOPLIST_FILE = YES;
				MARKETING_VERSION = 1.0;
				PRODUCT_BUNDLE_IDENTIFIER = rjs.app.dev.NotificationsTests;
				PRODUCT_NAME = "$(TARGET_NAME)";
				SWIFT_EMIT_LOC_STRINGS = NO;
				SWIFT_VERSION = 5.0;
				TARGETED_DEVICE_FAMILY = "1,2";
				TEST_HOST = "$(BUILT_PRODUCTS_DIR)/BedtimeBully.app/$(BUNDLE_EXECUTABLE_FOLDER_PATH)/BedtimeBully";
			};
			name = Release;
		};
		78BB44FA2B0161D9000EA9F5 /* Debug */ = {
			isa = XCBuildConfiguration;
			buildSettings = {
				ALWAYS_SEARCH_USER_PATHS = NO;
				ASSETCATALOG_COMPILER_GENERATE_SWIFT_ASSET_SYMBOL_EXTENSIONS = YES;
				CLANG_ANALYZER_NONNULL = YES;
				CLANG_ANALYZER_NUMBER_OBJECT_CONVERSION = YES_AGGRESSIVE;
				CLANG_CXX_LANGUAGE_STANDARD = "gnu++20";
				CLANG_ENABLE_MODULES = YES;
				CLANG_ENABLE_OBJC_ARC = YES;
				CLANG_ENABLE_OBJC_WEAK = YES;
				CLANG_WARN_BLOCK_CAPTURE_AUTORELEASING = YES;
				CLANG_WARN_BOOL_CONVERSION = YES;
				CLANG_WARN_COMMA = YES;
				CLANG_WARN_CONSTANT_CONVERSION = YES;
				CLANG_WARN_DEPRECATED_OBJC_IMPLEMENTATIONS = YES;
				CLANG_WARN_DIRECT_OBJC_ISA_USAGE = YES_ERROR;
				CLANG_WARN_DOCUMENTATION_COMMENTS = YES;
				CLANG_WARN_EMPTY_BODY = YES;
				CLANG_WARN_ENUM_CONVERSION = YES;
				CLANG_WARN_INFINITE_RECURSION = YES;
				CLANG_WARN_INT_CONVERSION = YES;
				CLANG_WARN_NON_LITERAL_NULL_CONVERSION = YES;
				CLANG_WARN_OBJC_IMPLICIT_RETAIN_SELF = YES;
				CLANG_WARN_OBJC_LITERAL_CONVERSION = YES;
				CLANG_WARN_OBJC_ROOT_CLASS = YES_ERROR;
				CLANG_WARN_QUOTED_INCLUDE_IN_FRAMEWORK_HEADER = YES;
				CLANG_WARN_RANGE_LOOP_ANALYSIS = YES;
				CLANG_WARN_STRICT_PROTOTYPES = YES;
				CLANG_WARN_SUSPICIOUS_MOVE = YES;
				CLANG_WARN_UNGUARDED_AVAILABILITY = YES_AGGRESSIVE;
				CLANG_WARN_UNREACHABLE_CODE = YES;
				CLANG_WARN__DUPLICATE_METHOD_MATCH = YES;
				COPY_PHASE_STRIP = NO;
				DEBUG_INFORMATION_FORMAT = dwarf;
				ENABLE_STRICT_OBJC_MSGSEND = YES;
				ENABLE_TESTABILITY = YES;
				ENABLE_USER_SCRIPT_SANDBOXING = YES;
				GCC_C_LANGUAGE_STANDARD = gnu17;
				GCC_DYNAMIC_NO_PIC = NO;
				GCC_NO_COMMON_BLOCKS = YES;
				GCC_OPTIMIZATION_LEVEL = 0;
				GCC_PREPROCESSOR_DEFINITIONS = (
					"DEBUG=1",
					"$(inherited)",
				);
				GCC_WARN_64_TO_32_BIT_CONVERSION = YES;
				GCC_WARN_ABOUT_RETURN_TYPE = YES_ERROR;
				GCC_WARN_UNDECLARED_SELECTOR = YES;
				GCC_WARN_UNINITIALIZED_AUTOS = YES_AGGRESSIVE;
				GCC_WARN_UNUSED_FUNCTION = YES;
				GCC_WARN_UNUSED_VARIABLE = YES;
				IPHONEOS_DEPLOYMENT_TARGET = 17.0;
				LOCALIZATION_PREFERS_STRING_CATALOGS = YES;
				MTL_ENABLE_DEBUG_INFO = INCLUDE_SOURCE;
				MTL_FAST_MATH = YES;
				ONLY_ACTIVE_ARCH = YES;
				SDKROOT = iphoneos;
				SWIFT_ACTIVE_COMPILATION_CONDITIONS = "DEBUG $(inherited)";
				SWIFT_OPTIMIZATION_LEVEL = "-Onone";
			};
			name = Debug;
		};
		78BB44FB2B0161D9000EA9F5 /* Release */ = {
			isa = XCBuildConfiguration;
			buildSettings = {
				ALWAYS_SEARCH_USER_PATHS = NO;
				ASSETCATALOG_COMPILER_GENERATE_SWIFT_ASSET_SYMBOL_EXTENSIONS = YES;
				CLANG_ANALYZER_NONNULL = YES;
				CLANG_ANALYZER_NUMBER_OBJECT_CONVERSION = YES_AGGRESSIVE;
				CLANG_CXX_LANGUAGE_STANDARD = "gnu++20";
				CLANG_ENABLE_MODULES = YES;
				CLANG_ENABLE_OBJC_ARC = YES;
				CLANG_ENABLE_OBJC_WEAK = YES;
				CLANG_WARN_BLOCK_CAPTURE_AUTORELEASING = YES;
				CLANG_WARN_BOOL_CONVERSION = YES;
				CLANG_WARN_COMMA = YES;
				CLANG_WARN_CONSTANT_CONVERSION = YES;
				CLANG_WARN_DEPRECATED_OBJC_IMPLEMENTATIONS = YES;
				CLANG_WARN_DIRECT_OBJC_ISA_USAGE = YES_ERROR;
				CLANG_WARN_DOCUMENTATION_COMMENTS = YES;
				CLANG_WARN_EMPTY_BODY = YES;
				CLANG_WARN_ENUM_CONVERSION = YES;
				CLANG_WARN_INFINITE_RECURSION = YES;
				CLANG_WARN_INT_CONVERSION = YES;
				CLANG_WARN_NON_LITERAL_NULL_CONVERSION = YES;
				CLANG_WARN_OBJC_IMPLICIT_RETAIN_SELF = YES;
				CLANG_WARN_OBJC_LITERAL_CONVERSION = YES;
				CLANG_WARN_OBJC_ROOT_CLASS = YES_ERROR;
				CLANG_WARN_QUOTED_INCLUDE_IN_FRAMEWORK_HEADER = YES;
				CLANG_WARN_RANGE_LOOP_ANALYSIS = YES;
				CLANG_WARN_STRICT_PROTOTYPES = YES;
				CLANG_WARN_SUSPICIOUS_MOVE = YES;
				CLANG_WARN_UNGUARDED_AVAILABILITY = YES_AGGRESSIVE;
				CLANG_WARN_UNREACHABLE_CODE = YES;
				CLANG_WARN__DUPLICATE_METHOD_MATCH = YES;
				COPY_PHASE_STRIP = NO;
				DEBUG_INFORMATION_FORMAT = "dwarf-with-dsym";
				ENABLE_NS_ASSERTIONS = NO;
				ENABLE_STRICT_OBJC_MSGSEND = YES;
				ENABLE_USER_SCRIPT_SANDBOXING = YES;
				GCC_C_LANGUAGE_STANDARD = gnu17;
				GCC_NO_COMMON_BLOCKS = YES;
				GCC_WARN_64_TO_32_BIT_CONVERSION = YES;
				GCC_WARN_ABOUT_RETURN_TYPE = YES_ERROR;
				GCC_WARN_UNDECLARED_SELECTOR = YES;
				GCC_WARN_UNINITIALIZED_AUTOS = YES_AGGRESSIVE;
				GCC_WARN_UNUSED_FUNCTION = YES;
				GCC_WARN_UNUSED_VARIABLE = YES;
				IPHONEOS_DEPLOYMENT_TARGET = 17.0;
				LOCALIZATION_PREFERS_STRING_CATALOGS = YES;
				MTL_ENABLE_DEBUG_INFO = NO;
				MTL_FAST_MATH = YES;
				SDKROOT = iphoneos;
				SWIFT_COMPILATION_MODE = wholemodule;
				VALIDATE_PRODUCT = YES;
			};
			name = Release;
		};
		78BB44FD2B0161D9000EA9F5 /* Debug */ = {
			isa = XCBuildConfiguration;
			buildSettings = {
				ALWAYS_EMBED_SWIFT_STANDARD_LIBRARIES = YES;
				ASSETCATALOG_COMPILER_APPICON_NAME = AppIcon;
				ASSETCATALOG_COMPILER_GLOBAL_ACCENT_COLOR_NAME = AccentColor;
				CODE_SIGN_ENTITLEMENTS = BedtimeBully/BedtimeBully.entitlements;
				CODE_SIGN_STYLE = Automatic;
				CURRENT_PROJECT_VERSION = 1;
				DEVELOPMENT_ASSET_PATHS = "\"BedtimeBully/Preview Content\"";
				DEVELOPMENT_TEAM = 4QGR522B9M;
				ENABLE_PREVIEWS = YES;
				GENERATE_INFOPLIST_FILE = YES;
				INFOPLIST_FILE = BedtimeBully/Info.plist;
				INFOPLIST_KEY_LSApplicationCategoryType = "public.app-category.lifestyle";
				INFOPLIST_KEY_UIApplicationSceneManifest_Generation = YES;
				INFOPLIST_KEY_UIApplicationSupportsIndirectInputEvents = YES;
				INFOPLIST_KEY_UILaunchScreen_Generation = YES;
				INFOPLIST_KEY_UISupportedInterfaceOrientations_iPad = "UIInterfaceOrientationPortrait UIInterfaceOrientationPortraitUpsideDown UIInterfaceOrientationLandscapeLeft UIInterfaceOrientationLandscapeRight";
				INFOPLIST_KEY_UISupportedInterfaceOrientations_iPhone = "UIInterfaceOrientationPortrait UIInterfaceOrientationLandscapeLeft UIInterfaceOrientationLandscapeRight";
				LD_RUNPATH_SEARCH_PATHS = (
					"$(inherited)",
					"@executable_path/Frameworks",
				);
				MARKETING_VERSION = 1.0;
				PRODUCT_BUNDLE_IDENTIFIER = rjs.app.dev.BedtimeBully;
				PRODUCT_NAME = "$(TARGET_NAME)";
				SWIFT_EMIT_LOC_STRINGS = YES;
				SWIFT_VERSION = 5.0;
				TARGETED_DEVICE_FAMILY = "1,2";
			};
			name = Debug;
		};
		78BB44FE2B0161D9000EA9F5 /* Release */ = {
			isa = XCBuildConfiguration;
			buildSettings = {
				ALWAYS_EMBED_SWIFT_STANDARD_LIBRARIES = YES;
				ASSETCATALOG_COMPILER_APPICON_NAME = AppIcon;
				ASSETCATALOG_COMPILER_GLOBAL_ACCENT_COLOR_NAME = AccentColor;
				CODE_SIGN_ENTITLEMENTS = BedtimeBully/BedtimeBully.entitlements;
				CODE_SIGN_STYLE = Automatic;
				CURRENT_PROJECT_VERSION = 1;
				DEVELOPMENT_ASSET_PATHS = "\"BedtimeBully/Preview Content\"";
				DEVELOPMENT_TEAM = 4QGR522B9M;
				ENABLE_PREVIEWS = YES;
				GENERATE_INFOPLIST_FILE = YES;
				INFOPLIST_FILE = BedtimeBully/Info.plist;
				INFOPLIST_KEY_LSApplicationCategoryType = "public.app-category.lifestyle";
				INFOPLIST_KEY_UIApplicationSceneManifest_Generation = YES;
				INFOPLIST_KEY_UIApplicationSupportsIndirectInputEvents = YES;
				INFOPLIST_KEY_UILaunchScreen_Generation = YES;
				INFOPLIST_KEY_UISupportedInterfaceOrientations_iPad = "UIInterfaceOrientationPortrait UIInterfaceOrientationPortraitUpsideDown UIInterfaceOrientationLandscapeLeft UIInterfaceOrientationLandscapeRight";
				INFOPLIST_KEY_UISupportedInterfaceOrientations_iPhone = "UIInterfaceOrientationPortrait UIInterfaceOrientationLandscapeLeft UIInterfaceOrientationLandscapeRight";
				LD_RUNPATH_SEARCH_PATHS = (
					"$(inherited)",
					"@executable_path/Frameworks",
				);
				MARKETING_VERSION = 1.0;
				PRODUCT_BUNDLE_IDENTIFIER = rjs.app.dev.BedtimeBully;
				PRODUCT_NAME = "$(TARGET_NAME)";
				SWIFT_EMIT_LOC_STRINGS = YES;
				SWIFT_VERSION = 5.0;
				TARGETED_DEVICE_FAMILY = "1,2";
			};
			name = Release;
		};
		78BB45002B0161D9000EA9F5 /* Debug */ = {
			isa = XCBuildConfiguration;
			buildSettings = {
				ALWAYS_EMBED_SWIFT_STANDARD_LIBRARIES = YES;
				BUNDLE_LOADER = "$(TEST_HOST)";
				CODE_SIGN_STYLE = Automatic;
				CURRENT_PROJECT_VERSION = 1;
				DEVELOPMENT_TEAM = 4QGR522B9M;
				GENERATE_INFOPLIST_FILE = YES;
				IPHONEOS_DEPLOYMENT_TARGET = 17.0;
				MARKETING_VERSION = 1.0;
				PRODUCT_BUNDLE_IDENTIFIER = rjs.app.dev.BedtimeBullyTests;
				PRODUCT_NAME = "$(TARGET_NAME)";
				SWIFT_EMIT_LOC_STRINGS = NO;
				SWIFT_VERSION = 5.0;
				TARGETED_DEVICE_FAMILY = "1,2";
				TEST_HOST = "$(BUILT_PRODUCTS_DIR)/BedtimeBully.app/$(BUNDLE_EXECUTABLE_FOLDER_PATH)/BedtimeBully";
			};
			name = Debug;
		};
		78BB45012B0161D9000EA9F5 /* Release */ = {
			isa = XCBuildConfiguration;
			buildSettings = {
				ALWAYS_EMBED_SWIFT_STANDARD_LIBRARIES = YES;
				BUNDLE_LOADER = "$(TEST_HOST)";
				CODE_SIGN_STYLE = Automatic;
				CURRENT_PROJECT_VERSION = 1;
				DEVELOPMENT_TEAM = 4QGR522B9M;
				GENERATE_INFOPLIST_FILE = YES;
				IPHONEOS_DEPLOYMENT_TARGET = 17.0;
				MARKETING_VERSION = 1.0;
				PRODUCT_BUNDLE_IDENTIFIER = rjs.app.dev.BedtimeBullyTests;
				PRODUCT_NAME = "$(TARGET_NAME)";
				SWIFT_EMIT_LOC_STRINGS = NO;
				SWIFT_VERSION = 5.0;
				TARGETED_DEVICE_FAMILY = "1,2";
				TEST_HOST = "$(BUILT_PRODUCTS_DIR)/BedtimeBully.app/$(BUNDLE_EXECUTABLE_FOLDER_PATH)/BedtimeBully";
			};
			name = Release;
		};
		78BB45032B0161D9000EA9F5 /* Debug */ = {
			isa = XCBuildConfiguration;
			buildSettings = {
				ALWAYS_EMBED_SWIFT_STANDARD_LIBRARIES = YES;
				CODE_SIGN_STYLE = Automatic;
				CURRENT_PROJECT_VERSION = 1;
				DEVELOPMENT_TEAM = 4QGR522B9M;
				GENERATE_INFOPLIST_FILE = YES;
				MARKETING_VERSION = 1.0;
				PRODUCT_BUNDLE_IDENTIFIER = rjs.app.dev.BedtimeBullyUITests;
				PRODUCT_NAME = "$(TARGET_NAME)";
				SWIFT_EMIT_LOC_STRINGS = NO;
				SWIFT_VERSION = 5.0;
				TARGETED_DEVICE_FAMILY = "1,2";
				TEST_TARGET_NAME = BedtimeBully;
			};
			name = Debug;
		};
		78BB45042B0161D9000EA9F5 /* Release */ = {
			isa = XCBuildConfiguration;
			buildSettings = {
				ALWAYS_EMBED_SWIFT_STANDARD_LIBRARIES = YES;
				CODE_SIGN_STYLE = Automatic;
				CURRENT_PROJECT_VERSION = 1;
				DEVELOPMENT_TEAM = 4QGR522B9M;
				GENERATE_INFOPLIST_FILE = YES;
				MARKETING_VERSION = 1.0;
				PRODUCT_BUNDLE_IDENTIFIER = rjs.app.dev.BedtimeBullyUITests;
				PRODUCT_NAME = "$(TARGET_NAME)";
				SWIFT_EMIT_LOC_STRINGS = NO;
				SWIFT_VERSION = 5.0;
				TARGETED_DEVICE_FAMILY = "1,2";
				TEST_TARGET_NAME = BedtimeBully;
			};
			name = Release;
		};
/* End XCBuildConfiguration section */

/* Begin XCConfigurationList section */
		789816352B105999002AF275 /* Build configuration list for PBXNativeTarget "BedtimeBullyData" */ = {
			isa = XCConfigurationList;
			buildConfigurations = (
				789816312B105999002AF275 /* Debug */,
				789816322B105999002AF275 /* Release */,
			);
			defaultConfigurationIsVisible = 0;
			defaultConfigurationName = Release;
		};
		789816362B105999002AF275 /* Build configuration list for PBXNativeTarget "BedtimeBullyDataTests" */ = {
			isa = XCConfigurationList;
			buildConfigurations = (
				789816332B105999002AF275 /* Debug */,
				789816342B105999002AF275 /* Release */,
			);
			defaultConfigurationIsVisible = 0;
			defaultConfigurationName = Release;
		};
		789816542B105A8E002AF275 /* Build configuration list for PBXNativeTarget "Notifications" */ = {
			isa = XCConfigurationList;
			buildConfigurations = (
				789816552B105A8E002AF275 /* Debug */,
				789816562B105A8E002AF275 /* Release */,
			);
			defaultConfigurationIsVisible = 0;
			defaultConfigurationName = Release;
		};
		789816572B105A8E002AF275 /* Build configuration list for PBXNativeTarget "NotificationsTests" */ = {
			isa = XCConfigurationList;
			buildConfigurations = (
				789816582B105A8E002AF275 /* Debug */,
				789816592B105A8E002AF275 /* Release */,
			);
			defaultConfigurationIsVisible = 0;
			defaultConfigurationName = Release;
		};
		78BB44CF2B0161D7000EA9F5 /* Build configuration list for PBXProject "BedtimeBully" */ = {
			isa = XCConfigurationList;
			buildConfigurations = (
				78BB44FA2B0161D9000EA9F5 /* Debug */,
				78BB44FB2B0161D9000EA9F5 /* Release */,
			);
			defaultConfigurationIsVisible = 0;
			defaultConfigurationName = Release;
		};
		78BB44FC2B0161D9000EA9F5 /* Build configuration list for PBXNativeTarget "BedtimeBully" */ = {
			isa = XCConfigurationList;
			buildConfigurations = (
				78BB44FD2B0161D9000EA9F5 /* Debug */,
				78BB44FE2B0161D9000EA9F5 /* Release */,
			);
			defaultConfigurationIsVisible = 0;
			defaultConfigurationName = Release;
		};
		78BB44FF2B0161D9000EA9F5 /* Build configuration list for PBXNativeTarget "BedtimeBullyTests" */ = {
			isa = XCConfigurationList;
			buildConfigurations = (
				78BB45002B0161D9000EA9F5 /* Debug */,
				78BB45012B0161D9000EA9F5 /* Release */,
			);
			defaultConfigurationIsVisible = 0;
			defaultConfigurationName = Release;
		};
		78BB45022B0161D9000EA9F5 /* Build configuration list for PBXNativeTarget "BedtimeBullyUITests" */ = {
			isa = XCConfigurationList;
			buildConfigurations = (
				78BB45032B0161D9000EA9F5 /* Debug */,
				78BB45042B0161D9000EA9F5 /* Release */,
			);
			defaultConfigurationIsVisible = 0;
			defaultConfigurationName = Release;
		};
/* End XCConfigurationList section */
	};
	rootObject = 78BB44CC2B0161D7000EA9F5 /* Project object */;
}
