// !$*UTF8*$!
{
	archiveVersion = 1;
	classes = {
	};
	objectVersion = 56;
	objects = {

/* Begin PBXBuildFile section */
		78BB44D82B0161D7000EA9F5 /* BedtimeBullyApp.swift in Sources */ = {isa = PBXBuildFile; fileRef = 78BB44D72B0161D7000EA9F5 /* BedtimeBullyApp.swift */; };
		78BB44DA2B0161D7000EA9F5 /* ContentView.swift in Sources */ = {isa = PBXBuildFile; fileRef = 78BB44D92B0161D7000EA9F5 /* ContentView.swift */; };
		78BB44DC2B0161D7000EA9F5 /* Item.swift in Sources */ = {isa = PBXBuildFile; fileRef = 78BB44DB2B0161D7000EA9F5 /* Item.swift */; };
		78BB44DE2B0161D8000EA9F5 /* Assets.xcassets in Resources */ = {isa = PBXBuildFile; fileRef = 78BB44DD2B0161D8000EA9F5 /* Assets.xcassets */; };
		78BB44E12B0161D8000EA9F5 /* Preview Assets.xcassets in Resources */ = {isa = PBXBuildFile; fileRef = 78BB44E02B0161D8000EA9F5 /* Preview Assets.xcassets */; };
		78BB44ED2B0161D9000EA9F5 /* BedtimeBullyTests.swift in Sources */ = {isa = PBXBuildFile; fileRef = 78BB44EC2B0161D9000EA9F5 /* BedtimeBullyTests.swift */; };
		78BB44F72B0161D9000EA9F5 /* BedtimeBullyUITests.swift in Sources */ = {isa = PBXBuildFile; fileRef = 78BB44F62B0161D9000EA9F5 /* BedtimeBullyUITests.swift */; };
		78BB44F92B0161D9000EA9F5 /* BedtimeBullyUITestsLaunchTests.swift in Sources */ = {isa = PBXBuildFile; fileRef = 78BB44F82B0161D9000EA9F5 /* BedtimeBullyUITestsLaunchTests.swift */; };
/* End PBXBuildFile section */

/* Begin PBXContainerItemProxy section */
		78BB44E92B0161D9000EA9F5 /* PBXContainerItemProxy */ = {
			isa = PBXContainerItemProxy;
			containerPortal = 78BB44CC2B0161D7000EA9F5 /* Project object */;
			proxyType = 1;
			remoteGlobalIDString = 78BB44D32B0161D7000EA9F5;
			remoteInfo = BedtimeBully;
		};
		78BB44F32B0161D9000EA9F5 /* PBXContainerItemProxy */ = {
			isa = PBXContainerItemProxy;
			containerPortal = 78BB44CC2B0161D7000EA9F5 /* Project object */;
			proxyType = 1;
			remoteGlobalIDString = 78BB44D32B0161D7000EA9F5;
			remoteInfo = BedtimeBully;
		};
/* End PBXContainerItemProxy section */

/* Begin PBXFileReference section */
		78BB44D42B0161D7000EA9F5 /* BedtimeBully.app */ = {isa = PBXFileReference; explicitFileType = wrapper.application; includeInIndex = 0; path = BedtimeBully.app; sourceTree = BUILT_PRODUCTS_DIR; };
		78BB44D72B0161D7000EA9F5 /* BedtimeBullyApp.swift */ = {isa = PBXFileReference; lastKnownFileType = sourcecode.swift; path = BedtimeBullyApp.swift; sourceTree = "<group>"; };
		78BB44D92B0161D7000EA9F5 /* ContentView.swift */ = {isa = PBXFileReference; lastKnownFileType = sourcecode.swift; path = ContentView.swift; sourceTree = "<group>"; };
		78BB44DB2B0161D7000EA9F5 /* Item.swift */ = {isa = PBXFileReference; lastKnownFileType = sourcecode.swift; path = Item.swift; sourceTree = "<group>"; };
		78BB44DD2B0161D8000EA9F5 /* Assets.xcassets */ = {isa = PBXFileReference; lastKnownFileType = folder.assetcatalog; path = Assets.xcassets; sourceTree = "<group>"; };
		78BB44E02B0161D8000EA9F5 /* Preview Assets.xcassets */ = {isa = PBXFileReference; lastKnownFileType = folder.assetcatalog; path = "Preview Assets.xcassets"; sourceTree = "<group>"; };
		78BB44E22B0161D9000EA9F5 /* BedtimeBully.entitlements */ = {isa = PBXFileReference; lastKnownFileType = text.plist.entitlements; path = BedtimeBully.entitlements; sourceTree = "<group>"; };
		78BB44E32B0161D9000EA9F5 /* Info.plist */ = {isa = PBXFileReference; lastKnownFileType = text.plist.xml; path = Info.plist; sourceTree = "<group>"; };
		78BB44E82B0161D9000EA9F5 /* BedtimeBullyTests.xctest */ = {isa = PBXFileReference; explicitFileType = wrapper.cfbundle; includeInIndex = 0; path = BedtimeBullyTests.xctest; sourceTree = BUILT_PRODUCTS_DIR; };
		78BB44EC2B0161D9000EA9F5 /* BedtimeBullyTests.swift */ = {isa = PBXFileReference; lastKnownFileType = sourcecode.swift; path = BedtimeBullyTests.swift; sourceTree = "<group>"; };
		78BB44F22B0161D9000EA9F5 /* BedtimeBullyUITests.xctest */ = {isa = PBXFileReference; explicitFileType = wrapper.cfbundle; includeInIndex = 0; path = BedtimeBullyUITests.xctest; sourceTree = BUILT_PRODUCTS_DIR; };
		78BB44F62B0161D9000EA9F5 /* BedtimeBullyUITests.swift */ = {isa = PBXFileReference; lastKnownFileType = sourcecode.swift; path = BedtimeBullyUITests.swift; sourceTree = "<group>"; };
		78BB44F82B0161D9000EA9F5 /* BedtimeBullyUITestsLaunchTests.swift */ = {isa = PBXFileReference; lastKnownFileType = sourcecode.swift; path = BedtimeBullyUITestsLaunchTests.swift; sourceTree = "<group>"; };
/* End PBXFileReference section */

/* Begin PBXFrameworksBuildPhase section */
		78BB44D12B0161D7000EA9F5 /* Frameworks */ = {
			isa = PBXFrameworksBuildPhase;
			buildActionMask = 2147483647;
			files = (
			);
			runOnlyForDeploymentPostprocessing = 0;
		};
		78BB44E52B0161D9000EA9F5 /* Frameworks */ = {
			isa = PBXFrameworksBuildPhase;
			buildActionMask = 2147483647;
			files = (
			);
			runOnlyForDeploymentPostprocessing = 0;
		};
		78BB44EF2B0161D9000EA9F5 /* Frameworks */ = {
			isa = PBXFrameworksBuildPhase;
			buildActionMask = 2147483647;
			files = (
			);
			runOnlyForDeploymentPostprocessing = 0;
		};
/* End PBXFrameworksBuildPhase section */

/* Begin PBXGroup section */
		78BB44CB2B0161D7000EA9F5 = {
			isa = PBXGroup;
			children = (
				78BB44D62B0161D7000EA9F5 /* BedtimeBully */,
				78BB44EB2B0161D9000EA9F5 /* BedtimeBullyTests */,
				78BB44F52B0161D9000EA9F5 /* BedtimeBullyUITests */,
				78BB44D52B0161D7000EA9F5 /* Products */,
			);
			sourceTree = "<group>";
		};
		78BB44D52B0161D7000EA9F5 /* Products */ = {
			isa = PBXGroup;
			children = (
				78BB44D42B0161D7000EA9F5 /* BedtimeBully.app */,
				78BB44E82B0161D9000EA9F5 /* BedtimeBullyTests.xctest */,
				78BB44F22B0161D9000EA9F5 /* BedtimeBullyUITests.xctest */,
			);
			name = Products;
			sourceTree = "<group>";
		};
		78BB44D62B0161D7000EA9F5 /* BedtimeBully */ = {
			isa = PBXGroup;
			children = (
				78BB44D72B0161D7000EA9F5 /* BedtimeBullyApp.swift */,
				78BB44D92B0161D7000EA9F5 /* ContentView.swift */,
				78BB44DB2B0161D7000EA9F5 /* Item.swift */,
				78BB44DD2B0161D8000EA9F5 /* Assets.xcassets */,
				78BB44E22B0161D9000EA9F5 /* BedtimeBully.entitlements */,
				78BB44E32B0161D9000EA9F5 /* Info.plist */,
				78BB44DF2B0161D8000EA9F5 /* Preview Content */,
			);
			path = BedtimeBully;
			sourceTree = "<group>";
		};
		78BB44DF2B0161D8000EA9F5 /* Preview Content */ = {
			isa = PBXGroup;
			children = (
				78BB44E02B0161D8000EA9F5 /* Preview Assets.xcassets */,
			);
			path = "Preview Content";
			sourceTree = "<group>";
		};
		78BB44EB2B0161D9000EA9F5 /* BedtimeBullyTests */ = {
			isa = PBXGroup;
			children = (
				78BB44EC2B0161D9000EA9F5 /* BedtimeBullyTests.swift */,
			);
			path = BedtimeBullyTests;
			sourceTree = "<group>";
		};
		78BB44F52B0161D9000EA9F5 /* BedtimeBullyUITests */ = {
			isa = PBXGroup;
			children = (
				78BB44F62B0161D9000EA9F5 /* BedtimeBullyUITests.swift */,
				78BB44F82B0161D9000EA9F5 /* BedtimeBullyUITestsLaunchTests.swift */,
			);
			path = BedtimeBullyUITests;
			sourceTree = "<group>";
		};
/* End PBXGroup section */

/* Begin PBXNativeTarget section */
		78BB44D32B0161D7000EA9F5 /* BedtimeBully */ = {
			isa = PBXNativeTarget;
			buildConfigurationList = 78BB44FC2B0161D9000EA9F5 /* Build configuration list for PBXNativeTarget "BedtimeBully" */;
			buildPhases = (
				78BB44D02B0161D7000EA9F5 /* Sources */,
				78BB44D12B0161D7000EA9F5 /* Frameworks */,
				78BB44D22B0161D7000EA9F5 /* Resources */,
			);
			buildRules = (
			);
			dependencies = (
			);
			name = BedtimeBully;
			productName = BedtimeBully;
			productReference = 78BB44D42B0161D7000EA9F5 /* BedtimeBully.app */;
			productType = "com.apple.product-type.application";
		};
		78BB44E72B0161D9000EA9F5 /* BedtimeBullyTests */ = {
			isa = PBXNativeTarget;
			buildConfigurationList = 78BB44FF2B0161D9000EA9F5 /* Build configuration list for PBXNativeTarget "BedtimeBullyTests" */;
			buildPhases = (
				78BB44E42B0161D9000EA9F5 /* Sources */,
				78BB44E52B0161D9000EA9F5 /* Frameworks */,
				78BB44E62B0161D9000EA9F5 /* Resources */,
			);
			buildRules = (
			);
			dependencies = (
				78BB44EA2B0161D9000EA9F5 /* PBXTargetDependency */,
			);
			name = BedtimeBullyTests;
			productName = BedtimeBullyTests;
			productReference = 78BB44E82B0161D9000EA9F5 /* BedtimeBullyTests.xctest */;
			productType = "com.apple.product-type.bundle.unit-test";
		};
		78BB44F12B0161D9000EA9F5 /* BedtimeBullyUITests */ = {
			isa = PBXNativeTarget;
			buildConfigurationList = 78BB45022B0161D9000EA9F5 /* Build configuration list for PBXNativeTarget "BedtimeBullyUITests" */;
			buildPhases = (
				78BB44EE2B0161D9000EA9F5 /* Sources */,
				78BB44EF2B0161D9000EA9F5 /* Frameworks */,
				78BB44F02B0161D9000EA9F5 /* Resources */,
			);
			buildRules = (
			);
			dependencies = (
				78BB44F42B0161D9000EA9F5 /* PBXTargetDependency */,
			);
			name = BedtimeBullyUITests;
			productName = BedtimeBullyUITests;
			productReference = 78BB44F22B0161D9000EA9F5 /* BedtimeBullyUITests.xctest */;
			productType = "com.apple.product-type.bundle.ui-testing";
		};
/* End PBXNativeTarget section */

/* Begin PBXProject section */
		78BB44CC2B0161D7000EA9F5 /* Project object */ = {
			isa = PBXProject;
			attributes = {
				BuildIndependentTargetsInParallel = 1;
				LastSwiftUpdateCheck = 1500;
				LastUpgradeCheck = 1500;
				TargetAttributes = {
					78BB44D32B0161D7000EA9F5 = {
						CreatedOnToolsVersion = 15.0.1;
					};
					78BB44E72B0161D9000EA9F5 = {
						CreatedOnToolsVersion = 15.0.1;
						TestTargetID = 78BB44D32B0161D7000EA9F5;
					};
					78BB44F12B0161D9000EA9F5 = {
						CreatedOnToolsVersion = 15.0.1;
						TestTargetID = 78BB44D32B0161D7000EA9F5;
					};
				};
			};
			buildConfigurationList = 78BB44CF2B0161D7000EA9F5 /* Build configuration list for PBXProject "BedtimeBully" */;
			compatibilityVersion = "Xcode 14.0";
			developmentRegion = en;
			hasScannedForEncodings = 0;
			knownRegions = (
				en,
				Base,
			);
			mainGroup = 78BB44CB2B0161D7000EA9F5;
			productRefGroup = 78BB44D52B0161D7000EA9F5 /* Products */;
			projectDirPath = "";
			projectRoot = "";
			targets = (
				78BB44D32B0161D7000EA9F5 /* BedtimeBully */,
				78BB44E72B0161D9000EA9F5 /* BedtimeBullyTests */,
				78BB44F12B0161D9000EA9F5 /* BedtimeBullyUITests */,
			);
		};
/* End PBXProject section */

/* Begin PBXResourcesBuildPhase section */
		78BB44D22B0161D7000EA9F5 /* Resources */ = {
			isa = PBXResourcesBuildPhase;
			buildActionMask = 2147483647;
			files = (
				78BB44E12B0161D8000EA9F5 /* Preview Assets.xcassets in Resources */,
				78BB44DE2B0161D8000EA9F5 /* Assets.xcassets in Resources */,
			);
			runOnlyForDeploymentPostprocessing = 0;
		};
		78BB44E62B0161D9000EA9F5 /* Resources */ = {
			isa = PBXResourcesBuildPhase;
			buildActionMask = 2147483647;
			files = (
			);
			runOnlyForDeploymentPostprocessing = 0;
		};
		78BB44F02B0161D9000EA9F5 /* Resources */ = {
			isa = PBXResourcesBuildPhase;
			buildActionMask = 2147483647;
			files = (
			);
			runOnlyForDeploymentPostprocessing = 0;
		};
/* End PBXResourcesBuildPhase section */

/* Begin PBXSourcesBuildPhase section */
		78BB44D02B0161D7000EA9F5 /* Sources */ = {
			isa = PBXSourcesBuildPhase;
			buildActionMask = 2147483647;
			files = (
				78BB44DA2B0161D7000EA9F5 /* ContentView.swift in Sources */,
				78BB44DC2B0161D7000EA9F5 /* Item.swift in Sources */,
				78BB44D82B0161D7000EA9F5 /* BedtimeBullyApp.swift in Sources */,
			);
			runOnlyForDeploymentPostprocessing = 0;
		};
		78BB44E42B0161D9000EA9F5 /* Sources */ = {
			isa = PBXSourcesBuildPhase;
			buildActionMask = 2147483647;
			files = (
				78BB44ED2B0161D9000EA9F5 /* BedtimeBullyTests.swift in Sources */,
			);
			runOnlyForDeploymentPostprocessing = 0;
		};
		78BB44EE2B0161D9000EA9F5 /* Sources */ = {
			isa = PBXSourcesBuildPhase;
			buildActionMask = 2147483647;
			files = (
				78BB44F92B0161D9000EA9F5 /* BedtimeBullyUITestsLaunchTests.swift in Sources */,
				78BB44F72B0161D9000EA9F5 /* BedtimeBullyUITests.swift in Sources */,
			);
			runOnlyForDeploymentPostprocessing = 0;
		};
/* End PBXSourcesBuildPhase section */

/* Begin PBXTargetDependency section */
		78BB44EA2B0161D9000EA9F5 /* PBXTargetDependency */ = {
			isa = PBXTargetDependency;
			target = 78BB44D32B0161D7000EA9F5 /* BedtimeBully */;
			targetProxy = 78BB44E92B0161D9000EA9F5 /* PBXContainerItemProxy */;
		};
		78BB44F42B0161D9000EA9F5 /* PBXTargetDependency */ = {
			isa = PBXTargetDependency;
			target = 78BB44D32B0161D7000EA9F5 /* BedtimeBully */;
			targetProxy = 78BB44F32B0161D9000EA9F5 /* PBXContainerItemProxy */;
		};
/* End PBXTargetDependency section */

/* Begin XCBuildConfiguration section */
		78BB44FA2B0161D9000EA9F5 /* Debug */ = {
			isa = XCBuildConfiguration;
			buildSettings = {
				ALWAYS_SEARCH_USER_PATHS = NO;
				ASSETCATALOG_COMPILER_GENERATE_SWIFT_ASSET_SYMBOL_EXTENSIONS = YES;
				CLANG_ANALYZER_NONNULL = YES;
				CLANG_ANALYZER_NUMBER_OBJECT_CONVERSION = YES_AGGRESSIVE;
				CLANG_CXX_LANGUAGE_STANDARD = "gnu++20";
				CLANG_ENABLE_MODULES = YES;
				CLANG_ENABLE_OBJC_ARC = YES;
				CLANG_ENABLE_OBJC_WEAK = YES;
				CLANG_WARN_BLOCK_CAPTURE_AUTORELEASING = YES;
				CLANG_WARN_BOOL_CONVERSION = YES;
				CLANG_WARN_COMMA = YES;
				CLANG_WARN_CONSTANT_CONVERSION = YES;
				CLANG_WARN_DEPRECATED_OBJC_IMPLEMENTATIONS = YES;
				CLANG_WARN_DIRECT_OBJC_ISA_USAGE = YES_ERROR;
				CLANG_WARN_DOCUMENTATION_COMMENTS = YES;
				CLANG_WARN_EMPTY_BODY = YES;
				CLANG_WARN_ENUM_CONVERSION = YES;
				CLANG_WARN_INFINITE_RECURSION = YES;
				CLANG_WARN_INT_CONVERSION = YES;
				CLANG_WARN_NON_LITERAL_NULL_CONVERSION = YES;
				CLANG_WARN_OBJC_IMPLICIT_RETAIN_SELF = YES;
				CLANG_WARN_OBJC_LITERAL_CONVERSION = YES;
				CLANG_WARN_OBJC_ROOT_CLASS = YES_ERROR;
				CLANG_WARN_QUOTED_INCLUDE_IN_FRAMEWORK_HEADER = YES;
				CLANG_WARN_RANGE_LOOP_ANALYSIS = YES;
				CLANG_WARN_STRICT_PROTOTYPES = YES;
				CLANG_WARN_SUSPICIOUS_MOVE = YES;
				CLANG_WARN_UNGUARDED_AVAILABILITY = YES_AGGRESSIVE;
				CLANG_WARN_UNREACHABLE_CODE = YES;
				CLANG_WARN__DUPLICATE_METHOD_MATCH = YES;
				COPY_PHASE_STRIP = NO;
				DEBUG_INFORMATION_FORMAT = dwarf;
				ENABLE_STRICT_OBJC_MSGSEND = YES;
				ENABLE_TESTABILITY = YES;
				ENABLE_USER_SCRIPT_SANDBOXING = YES;
				GCC_C_LANGUAGE_STANDARD = gnu17;
				GCC_DYNAMIC_NO_PIC = NO;
				GCC_NO_COMMON_BLOCKS = YES;
				GCC_OPTIMIZATION_LEVEL = 0;
				GCC_PREPROCESSOR_DEFINITIONS = (
					"DEBUG=1",
					"$(inherited)",
				);
				GCC_WARN_64_TO_32_BIT_CONVERSION = YES;
				GCC_WARN_ABOUT_RETURN_TYPE = YES_ERROR;
				GCC_WARN_UNDECLARED_SELECTOR = YES;
				GCC_WARN_UNINITIALIZED_AUTOS = YES_AGGRESSIVE;
				GCC_WARN_UNUSED_FUNCTION = YES;
				GCC_WARN_UNUSED_VARIABLE = YES;
				IPHONEOS_DEPLOYMENT_TARGET = 17.0;
				LOCALIZATION_PREFERS_STRING_CATALOGS = YES;
				MTL_ENABLE_DEBUG_INFO = INCLUDE_SOURCE;
				MTL_FAST_MATH = YES;
				ONLY_ACTIVE_ARCH = YES;
				SDKROOT = iphoneos;
				SWIFT_ACTIVE_COMPILATION_CONDITIONS = "DEBUG $(inherited)";
				SWIFT_OPTIMIZATION_LEVEL = "-Onone";
			};
			name = Debug;
		};
		78BB44FB2B0161D9000EA9F5 /* Release */ = {
			isa = XCBuildConfiguration;
			buildSettings = {
				ALWAYS_SEARCH_USER_PATHS = NO;
				ASSETCATALOG_COMPILER_GENERATE_SWIFT_ASSET_SYMBOL_EXTENSIONS = YES;
				CLANG_ANALYZER_NONNULL = YES;
				CLANG_ANALYZER_NUMBER_OBJECT_CONVERSION = YES_AGGRESSIVE;
				CLANG_CXX_LANGUAGE_STANDARD = "gnu++20";
				CLANG_ENABLE_MODULES = YES;
				CLANG_ENABLE_OBJC_ARC = YES;
				CLANG_ENABLE_OBJC_WEAK = YES;
				CLANG_WARN_BLOCK_CAPTURE_AUTORELEASING = YES;
				CLANG_WARN_BOOL_CONVERSION = YES;
				CLANG_WARN_COMMA = YES;
				CLANG_WARN_CONSTANT_CONVERSION = YES;
				CLANG_WARN_DEPRECATED_OBJC_IMPLEMENTATIONS = YES;
				CLANG_WARN_DIRECT_OBJC_ISA_USAGE = YES_ERROR;
				CLANG_WARN_DOCUMENTATION_COMMENTS = YES;
				CLANG_WARN_EMPTY_BODY = YES;
				CLANG_WARN_ENUM_CONVERSION = YES;
				CLANG_WARN_INFINITE_RECURSION = YES;
				CLANG_WARN_INT_CONVERSION = YES;
				CLANG_WARN_NON_LITERAL_NULL_CONVERSION = YES;
				CLANG_WARN_OBJC_IMPLICIT_RETAIN_SELF = YES;
				CLANG_WARN_OBJC_LITERAL_CONVERSION = YES;
				CLANG_WARN_OBJC_ROOT_CLASS = YES_ERROR;
				CLANG_WARN_QUOTED_INCLUDE_IN_FRAMEWORK_HEADER = YES;
				CLANG_WARN_RANGE_LOOP_ANALYSIS = YES;
				CLANG_WARN_STRICT_PROTOTYPES = YES;
				CLANG_WARN_SUSPICIOUS_MOVE = YES;
				CLANG_WARN_UNGUARDED_AVAILABILITY = YES_AGGRESSIVE;
				CLANG_WARN_UNREACHABLE_CODE = YES;
				CLANG_WARN__DUPLICATE_METHOD_MATCH = YES;
				COPY_PHASE_STRIP = NO;
				DEBUG_INFORMATION_FORMAT = "dwarf-with-dsym";
				ENABLE_NS_ASSERTIONS = NO;
				ENABLE_STRICT_OBJC_MSGSEND = YES;
				ENABLE_USER_SCRIPT_SANDBOXING = YES;
				GCC_C_LANGUAGE_STANDARD = gnu17;
				GCC_NO_COMMON_BLOCKS = YES;
				GCC_WARN_64_TO_32_BIT_CONVERSION = YES;
				GCC_WARN_ABOUT_RETURN_TYPE = YES_ERROR;
				GCC_WARN_UNDECLARED_SELECTOR = YES;
				GCC_WARN_UNINITIALIZED_AUTOS = YES_AGGRESSIVE;
				GCC_WARN_UNUSED_FUNCTION = YES;
				GCC_WARN_UNUSED_VARIABLE = YES;
				IPHONEOS_DEPLOYMENT_TARGET = 17.0;
				LOCALIZATION_PREFERS_STRING_CATALOGS = YES;
				MTL_ENABLE_DEBUG_INFO = NO;
				MTL_FAST_MATH = YES;
				SDKROOT = iphoneos;
				SWIFT_COMPILATION_MODE = wholemodule;
				VALIDATE_PRODUCT = YES;
			};
			name = Release;
		};
		78BB44FD2B0161D9000EA9F5 /* Debug */ = {
			isa = XCBuildConfiguration;
			buildSettings = {
				ASSETCATALOG_COMPILER_APPICON_NAME = AppIcon;
				ASSETCATALOG_COMPILER_GLOBAL_ACCENT_COLOR_NAME = AccentColor;
				CODE_SIGN_ENTITLEMENTS = BedtimeBully/BedtimeBully.entitlements;
				CODE_SIGN_STYLE = Automatic;
				CURRENT_PROJECT_VERSION = 1;
				DEVELOPMENT_ASSET_PATHS = "\"BedtimeBully/Preview Content\"";
				DEVELOPMENT_TEAM = 4QGR522B9M;
				ENABLE_PREVIEWS = YES;
				GENERATE_INFOPLIST_FILE = YES;
				INFOPLIST_FILE = BedtimeBully/Info.plist;
				INFOPLIST_KEY_UIApplicationSceneManifest_Generation = YES;
				INFOPLIST_KEY_UIApplicationSupportsIndirectInputEvents = YES;
				INFOPLIST_KEY_UILaunchScreen_Generation = YES;
				INFOPLIST_KEY_UISupportedInterfaceOrientations_iPad = "UIInterfaceOrientationPortrait UIInterfaceOrientationPortraitUpsideDown UIInterfaceOrientationLandscapeLeft UIInterfaceOrientationLandscapeRight";
				INFOPLIST_KEY_UISupportedInterfaceOrientations_iPhone = "UIInterfaceOrientationPortrait UIInterfaceOrientationLandscapeLeft UIInterfaceOrientationLandscapeRight";
				LD_RUNPATH_SEARCH_PATHS = (
					"$(inherited)",
					"@executable_path/Frameworks",
				);
				MARKETING_VERSION = 1.0;
				PRODUCT_BUNDLE_IDENTIFIER = rjs.app.dev.BedtimeBully;
				PRODUCT_NAME = "$(TARGET_NAME)";
				SWIFT_EMIT_LOC_STRINGS = YES;
				SWIFT_VERSION = 5.0;
				TARGETED_DEVICE_FAMILY = "1,2";
			};
			name = Debug;
		};
		78BB44FE2B0161D9000EA9F5 /* Release */ = {
			isa = XCBuildConfiguration;
			buildSettings = {
				ASSETCATALOG_COMPILER_APPICON_NAME = AppIcon;
				ASSETCATALOG_COMPILER_GLOBAL_ACCENT_COLOR_NAME = AccentColor;
				CODE_SIGN_ENTITLEMENTS = BedtimeBully/BedtimeBully.entitlements;
				CODE_SIGN_STYLE = Automatic;
				CURRENT_PROJECT_VERSION = 1;
				DEVELOPMENT_ASSET_PATHS = "\"BedtimeBully/Preview Content\"";
				DEVELOPMENT_TEAM = 4QGR522B9M;
				ENABLE_PREVIEWS = YES;
				GENERATE_INFOPLIST_FILE = YES;
				INFOPLIST_FILE = BedtimeBully/Info.plist;
				INFOPLIST_KEY_UIApplicationSceneManifest_Generation = YES;
				INFOPLIST_KEY_UIApplicationSupportsIndirectInputEvents = YES;
				INFOPLIST_KEY_UILaunchScreen_Generation = YES;
				INFOPLIST_KEY_UISupportedInterfaceOrientations_iPad = "UIInterfaceOrientationPortrait UIInterfaceOrientationPortraitUpsideDown UIInterfaceOrientationLandscapeLeft UIInterfaceOrientationLandscapeRight";
				INFOPLIST_KEY_UISupportedInterfaceOrientations_iPhone = "UIInterfaceOrientationPortrait UIInterfaceOrientationLandscapeLeft UIInterfaceOrientationLandscapeRight";
				LD_RUNPATH_SEARCH_PATHS = (
					"$(inherited)",
					"@executable_path/Frameworks",
				);
				MARKETING_VERSION = 1.0;
				PRODUCT_BUNDLE_IDENTIFIER = rjs.app.dev.BedtimeBully;
				PRODUCT_NAME = "$(TARGET_NAME)";
				SWIFT_EMIT_LOC_STRINGS = YES;
				SWIFT_VERSION = 5.0;
				TARGETED_DEVICE_FAMILY = "1,2";
			};
			name = Release;
		};
		78BB45002B0161D9000EA9F5 /* Debug */ = {
			isa = XCBuildConfiguration;
			buildSettings = {
				ALWAYS_EMBED_SWIFT_STANDARD_LIBRARIES = YES;
				BUNDLE_LOADER = "$(TEST_HOST)";
				CODE_SIGN_STYLE = Automatic;
				CURRENT_PROJECT_VERSION = 1;
				DEVELOPMENT_TEAM = 4QGR522B9M;
				GENERATE_INFOPLIST_FILE = YES;
				IPHONEOS_DEPLOYMENT_TARGET = 17.0;
				MARKETING_VERSION = 1.0;
				PRODUCT_BUNDLE_IDENTIFIER = rjs.app.dev.BedtimeBullyTests;
				PRODUCT_NAME = "$(TARGET_NAME)";
				SWIFT_EMIT_LOC_STRINGS = NO;
				SWIFT_VERSION = 5.0;
				TARGETED_DEVICE_FAMILY = "1,2";
				TEST_HOST = "$(BUILT_PRODUCTS_DIR)/BedtimeBully.app/$(BUNDLE_EXECUTABLE_FOLDER_PATH)/BedtimeBully";
			};
			name = Debug;
		};
		78BB45012B0161D9000EA9F5 /* Release */ = {
			isa = XCBuildConfiguration;
			buildSettings = {
				ALWAYS_EMBED_SWIFT_STANDARD_LIBRARIES = YES;
				BUNDLE_LOADER = "$(TEST_HOST)";
				CODE_SIGN_STYLE = Automatic;
				CURRENT_PROJECT_VERSION = 1;
				DEVELOPMENT_TEAM = 4QGR522B9M;
				GENERATE_INFOPLIST_FILE = YES;
				IPHONEOS_DEPLOYMENT_TARGET = 17.0;
				MARKETING_VERSION = 1.0;
				PRODUCT_BUNDLE_IDENTIFIER = rjs.app.dev.BedtimeBullyTests;
				PRODUCT_NAME = "$(TARGET_NAME)";
				SWIFT_EMIT_LOC_STRINGS = NO;
				SWIFT_VERSION = 5.0;
				TARGETED_DEVICE_FAMILY = "1,2";
				TEST_HOST = "$(BUILT_PRODUCTS_DIR)/BedtimeBully.app/$(BUNDLE_EXECUTABLE_FOLDER_PATH)/BedtimeBully";
			};
			name = Release;
		};
		78BB45032B0161D9000EA9F5 /* Debug */ = {
			isa = XCBuildConfiguration;
			buildSettings = {
				ALWAYS_EMBED_SWIFT_STANDARD_LIBRARIES = YES;
				CODE_SIGN_STYLE = Automatic;
				CURRENT_PROJECT_VERSION = 1;
				DEVELOPMENT_TEAM = 4QGR522B9M;
				GENERATE_INFOPLIST_FILE = YES;
				MARKETING_VERSION = 1.0;
				PRODUCT_BUNDLE_IDENTIFIER = rjs.app.dev.BedtimeBullyUITests;
				PRODUCT_NAME = "$(TARGET_NAME)";
				SWIFT_EMIT_LOC_STRINGS = NO;
				SWIFT_VERSION = 5.0;
				TARGETED_DEVICE_FAMILY = "1,2";
				TEST_TARGET_NAME = BedtimeBully;
			};
			name = Debug;
		};
		78BB45042B0161D9000EA9F5 /* Release */ = {
			isa = XCBuildConfiguration;
			buildSettings = {
				ALWAYS_EMBED_SWIFT_STANDARD_LIBRARIES = YES;
				CODE_SIGN_STYLE = Automatic;
				CURRENT_PROJECT_VERSION = 1;
				DEVELOPMENT_TEAM = 4QGR522B9M;
				GENERATE_INFOPLIST_FILE = YES;
				MARKETING_VERSION = 1.0;
				PRODUCT_BUNDLE_IDENTIFIER = rjs.app.dev.BedtimeBullyUITests;
				PRODUCT_NAME = "$(TARGET_NAME)";
				SWIFT_EMIT_LOC_STRINGS = NO;
				SWIFT_VERSION = 5.0;
				TARGETED_DEVICE_FAMILY = "1,2";
				TEST_TARGET_NAME = BedtimeBully;
			};
			name = Release;
		};
/* End XCBuildConfiguration section */

/* Begin XCConfigurationList section */
		78BB44CF2B0161D7000EA9F5 /* Build configuration list for PBXProject "BedtimeBully" */ = {
			isa = XCConfigurationList;
			buildConfigurations = (
				78BB44FA2B0161D9000EA9F5 /* Debug */,
				78BB44FB2B0161D9000EA9F5 /* Release */,
			);
			defaultConfigurationIsVisible = 0;
			defaultConfigurationName = Release;
		};
		78BB44FC2B0161D9000EA9F5 /* Build configuration list for PBXNativeTarget "BedtimeBully" */ = {
			isa = XCConfigurationList;
			buildConfigurations = (
				78BB44FD2B0161D9000EA9F5 /* Debug */,
				78BB44FE2B0161D9000EA9F5 /* Release */,
			);
			defaultConfigurationIsVisible = 0;
			defaultConfigurationName = Release;
		};
		78BB44FF2B0161D9000EA9F5 /* Build configuration list for PBXNativeTarget "BedtimeBullyTests" */ = {
			isa = XCConfigurationList;
			buildConfigurations = (
				78BB45002B0161D9000EA9F5 /* Debug */,
				78BB45012B0161D9000EA9F5 /* Release */,
			);
			defaultConfigurationIsVisible = 0;
			defaultConfigurationName = Release;
		};
		78BB45022B0161D9000EA9F5 /* Build configuration list for PBXNativeTarget "BedtimeBullyUITests" */ = {
			isa = XCConfigurationList;
			buildConfigurations = (
				78BB45032B0161D9000EA9F5 /* Debug */,
				78BB45042B0161D9000EA9F5 /* Release */,
			);
			defaultConfigurationIsVisible = 0;
			defaultConfigurationName = Release;
		};
/* End XCConfigurationList section */
	};
	rootObject = 78BB44CC2B0161D7000EA9F5 /* Project object */;
}
